// !$*UTF8*$!
{
	archiveVersion = 1;
	classes = {
	};
	objectVersion = 48;
	objects = {

/* Begin PBXBuildFile section */
		0F7BBE94101EEC5A00F4EF59 /* VSOMapView.m in Sources */ = {isa = PBXBuildFile; fileRef = 0F7BBE93101EEC5A00F4EF59 /* VSOMapView.m */; };
		0FC06FB5100E33F700B0D157 /* QuartzCore.framework in Frameworks */ = {isa = PBXBuildFile; fileRef = 0FC06FB4100E33F700B0D157 /* QuartzCore.framework */; };
		0FCF47591019E2D0005E5F41 /* Settings.bundle in Resources */ = {isa = PBXBuildFile; fileRef = 0FCF47581019E2D0005E5F41 /* Settings.bundle */; };
		0FD076D7101F19C900D9AF11 /* Localizable.strings in Resources */ = {isa = PBXBuildFile; fileRef = 0FD076D6101F19C900D9AF11 /* Localizable.strings */; };
		0FD1BB33100F31FB00000185 /* VSOGameProgress.m in Sources */ = {isa = PBXBuildFile; fileRef = 0FD1BB32100F31FB00000185 /* VSOGameProgress.m */; };
		0FD1BBD0100F374800000185 /* VSOUtils.c in Sources */ = {isa = PBXBuildFile; fileRef = 0FD1BBCF100F374800000185 /* VSOUtils.c */; };
		0FD8DB94100DCCC800C076DB /* MapKit.framework in Frameworks */ = {isa = PBXBuildFile; fileRef = 0FD8DB93100DCCC800C076DB /* MapKit.framework */; };
		0FD8DBD9100DD06E00C076DB /* VSOGridAnnotationView.m in Sources */ = {isa = PBXBuildFile; fileRef = 0FD8DBD8100DD06E00C076DB /* VSOGridAnnotationView.m */; };
		0FD8DC83100DDB0300C076DB /* CoreLocation.framework in Frameworks */ = {isa = PBXBuildFile; fileRef = 0FD8DC82100DDB0300C076DB /* CoreLocation.framework */; };
		1D60589F0D05DD5A006BFB54 /* Foundation.framework in Frameworks */ = {isa = PBXBuildFile; fileRef = 1D30AB110D05D00D00671497 /* Foundation.framework */; };
		1DF5F4E00D08C38300B7A737 /* UIKit.framework in Frameworks */ = {isa = PBXBuildFile; fileRef = 1DF5F4DF0D08C38300B7A737 /* UIKit.framework */; };
		288765590DF743DE002DB57D /* CoreGraphics.framework in Frameworks */ = {isa = PBXBuildFile; fileRef = 288765580DF743DE002DB57D /* CoreGraphics.framework */; };
		289233AE0DB2D0DB0083E9F9 /* VSOPlayViewController.m in Sources */ = {isa = PBXBuildFile; fileRef = 289233A90DB2D0DB0083E9F9 /* VSOPlayViewController.m */; };
		289233B00DB2D0DB0083E9F9 /* VSOSettingsViewController.m in Sources */ = {isa = PBXBuildFile; fileRef = 289233AD0DB2D0DB0083E9F9 /* VSOSettingsViewController.m */; };
		7B042083218F0852003B7E3B /* CGRect+Hashable.swift in Sources */ = {isa = PBXBuildFile; fileRef = 7B042082218F0852003B7E3B /* CGRect+Hashable.swift */; };
		7B042085218F2792003B7E3B /* ShapeView.swift in Sources */ = {isa = PBXBuildFile; fileRef = 7B042084218F2792003B7E3B /* ShapeView.swift */; };
		7B042087218F2CE1003B7E3B /* Settings.swift in Sources */ = {isa = PBXBuildFile; fileRef = 7B042086218F2CE1003B7E3B /* Settings.swift */; };
		7B042089218F3221003B7E3B /* AppDelegate.swift in Sources */ = {isa = PBXBuildFile; fileRef = 7B042088218F3221003B7E3B /* AppDelegate.swift */; };
		7B395E5D1D856A2800941445 /* LaunchScreen.storyboard in Resources */ = {isa = PBXBuildFile; fileRef = 7B395E5C1D856A2800941445 /* LaunchScreen.storyboard */; };
		7B395E5E1D856A4500941445 /* Main.storyboard in Resources */ = {isa = PBXBuildFile; fileRef = 7B395E601D856A4500941445 /* Main.storyboard */; };
		7B3ECD4C1D84DFAB00DFEB0D /* InfoPlist.strings in Resources */ = {isa = PBXBuildFile; fileRef = 7B3ECD4E1D84DFAB00DFEB0D /* InfoPlist.strings */; };
		7B7A26C8218098D20051D470 /* GameShape.swift in Sources */ = {isa = PBXBuildFile; fileRef = 7B7A26C7218098D20051D470 /* GameShape.swift */; };
		7B9912FE1D8DB0FF00AA2C1A /* VSOCurLocationView.m in Sources */ = {isa = PBXBuildFile; fileRef = 7B9912FD1D8DB0FF00AA2C1A /* VSOCurLocationView.m */; };
		7BB0EA621D856B110057BFA2 /* Assets.xcassets in Resources */ = {isa = PBXBuildFile; fileRef = 7BB0EA611D856B110057BFA2 /* Assets.xcassets */; };
		7BB0EA651D858CAC0057BFA2 /* VSOLevelSizeViewController.m in Sources */ = {isa = PBXBuildFile; fileRef = 7BB0EA641D858CAC0057BFA2 /* VSOLevelSizeViewController.m */; };
		7BB0EA681D8590AA0057BFA2 /* VSOLevelDifficultyViewController.m in Sources */ = {isa = PBXBuildFile; fileRef = 7BB0EA671D8590AA0057BFA2 /* VSOLevelDifficultyViewController.m */; };
		7BB0EA6B1D8593E80057BFA2 /* VSOChallengeShapeViewController.m in Sources */ = {isa = PBXBuildFile; fileRef = 7BB0EA6A1D8593E80057BFA2 /* VSOChallengeShapeViewController.m */; };
		7BB0EA6E1D8596190057BFA2 /* VSOPlayingModeViewController.m in Sources */ = {isa = PBXBuildFile; fileRef = 7BB0EA6D1D8596190057BFA2 /* VSOPlayingModeViewController.m */; };
/* End PBXBuildFile section */

/* Begin PBXFileReference section */
		0F73F3F71010C4290004C707 /* Constants.h */ = {isa = PBXFileReference; fileEncoding = 4; lastKnownFileType = sourcecode.c.h; path = Constants.h; sourceTree = "<group>"; };
		0F7BBE92101EEC5A00F4EF59 /* VSOMapView.h */ = {isa = PBXFileReference; fileEncoding = 4; lastKnownFileType = sourcecode.c.h; path = VSOMapView.h; sourceTree = "<group>"; };
		0F7BBE93101EEC5A00F4EF59 /* VSOMapView.m */ = {isa = PBXFileReference; fileEncoding = 4; lastKnownFileType = sourcecode.c.objc; path = VSOMapView.m; sourceTree = "<group>"; };
		0FC06FB4100E33F700B0D157 /* QuartzCore.framework */ = {isa = PBXFileReference; lastKnownFileType = wrapper.framework; name = QuartzCore.framework; path = System/Library/Frameworks/QuartzCore.framework; sourceTree = SDKROOT; };
		0FCDE41110160CD7001D5E65 /* Notes.rtf */ = {isa = PBXFileReference; lastKnownFileType = text.rtf; path = Notes.rtf; sourceTree = "<group>"; };
		0FCF47581019E2D0005E5F41 /* Settings.bundle */ = {isa = PBXFileReference; lastKnownFileType = "wrapper.plug-in"; path = Settings.bundle; sourceTree = "<group>"; };
		0FD076D8101F19EB00D9AF11 /* French */ = {isa = PBXFileReference; lastKnownFileType = text.plist.strings; name = French; path = fr.lproj/Localizable.strings; sourceTree = "<group>"; };
		0FD1BB31100F31FB00000185 /* VSOGameProgress.h */ = {isa = PBXFileReference; fileEncoding = 4; lastKnownFileType = sourcecode.c.h; path = VSOGameProgress.h; sourceTree = "<group>"; };
		0FD1BB32100F31FB00000185 /* VSOGameProgress.m */ = {isa = PBXFileReference; fileEncoding = 4; lastKnownFileType = sourcecode.c.objc; path = VSOGameProgress.m; sourceTree = "<group>"; };
		0FD1BBCE100F374800000185 /* VSOUtils.h */ = {isa = PBXFileReference; fileEncoding = 4; lastKnownFileType = sourcecode.c.h; path = VSOUtils.h; sourceTree = "<group>"; };
		0FD1BBCF100F374800000185 /* VSOUtils.c */ = {isa = PBXFileReference; fileEncoding = 4; lastKnownFileType = sourcecode.c.c; path = VSOUtils.c; sourceTree = "<group>"; };
		0FD8DB93100DCCC800C076DB /* MapKit.framework */ = {isa = PBXFileReference; lastKnownFileType = wrapper.framework; name = MapKit.framework; path = System/Library/Frameworks/MapKit.framework; sourceTree = SDKROOT; };
		0FD8DBD7100DD06E00C076DB /* VSOGridAnnotationView.h */ = {isa = PBXFileReference; fileEncoding = 4; lastKnownFileType = sourcecode.c.h; path = VSOGridAnnotationView.h; sourceTree = "<group>"; };
		0FD8DBD8100DD06E00C076DB /* VSOGridAnnotationView.m */ = {isa = PBXFileReference; fileEncoding = 4; lastKnownFileType = sourcecode.c.objc; path = VSOGridAnnotationView.m; sourceTree = "<group>"; };
		0FD8DC82100DDB0300C076DB /* CoreLocation.framework */ = {isa = PBXFileReference; lastKnownFileType = wrapper.framework; name = CoreLocation.framework; path = System/Library/Frameworks/CoreLocation.framework; sourceTree = SDKROOT; };
		1D30AB110D05D00D00671497 /* Foundation.framework */ = {isa = PBXFileReference; lastKnownFileType = wrapper.framework; name = Foundation.framework; path = System/Library/Frameworks/Foundation.framework; sourceTree = SDKROOT; };
		1D6058910D05DD3D006BFB54 /* GPS Body Paint.app */ = {isa = PBXFileReference; explicitFileType = wrapper.application; includeInIndex = 0; path = "GPS Body Paint.app"; sourceTree = BUILT_PRODUCTS_DIR; };
		1DF5F4DF0D08C38300B7A737 /* UIKit.framework */ = {isa = PBXFileReference; lastKnownFileType = wrapper.framework; name = UIKit.framework; path = System/Library/Frameworks/UIKit.framework; sourceTree = SDKROOT; };
		288765580DF743DE002DB57D /* CoreGraphics.framework */ = {isa = PBXFileReference; lastKnownFileType = wrapper.framework; name = CoreGraphics.framework; path = System/Library/Frameworks/CoreGraphics.framework; sourceTree = SDKROOT; };
		289233A80DB2D0DB0083E9F9 /* VSOPlayViewController.h */ = {isa = PBXFileReference; fileEncoding = 4; lastKnownFileType = sourcecode.c.h; path = VSOPlayViewController.h; sourceTree = "<group>"; };
		289233A90DB2D0DB0083E9F9 /* VSOPlayViewController.m */ = {isa = PBXFileReference; fileEncoding = 4; lastKnownFileType = sourcecode.c.objc; path = VSOPlayViewController.m; sourceTree = "<group>"; };
		289233AC0DB2D0DB0083E9F9 /* VSOSettingsViewController.h */ = {isa = PBXFileReference; fileEncoding = 4; lastKnownFileType = sourcecode.c.h; path = VSOSettingsViewController.h; sourceTree = "<group>"; };
		289233AD0DB2D0DB0083E9F9 /* VSOSettingsViewController.m */ = {isa = PBXFileReference; fileEncoding = 4; lastKnownFileType = sourcecode.c.objc; path = VSOSettingsViewController.m; sourceTree = "<group>"; };
		32CA4F630368D1EE00C91783 /* GPS_Body_Paint_Prefix.pch */ = {isa = PBXFileReference; fileEncoding = 4; lastKnownFileType = sourcecode.c.h; path = GPS_Body_Paint_Prefix.pch; sourceTree = "<group>"; };
		7B042082218F0852003B7E3B /* CGRect+Hashable.swift */ = {isa = PBXFileReference; lastKnownFileType = sourcecode.swift; path = "CGRect+Hashable.swift"; sourceTree = "<group>"; };
		7B042084218F2792003B7E3B /* ShapeView.swift */ = {isa = PBXFileReference; lastKnownFileType = sourcecode.swift; path = ShapeView.swift; sourceTree = "<group>"; };
		7B042086218F2CE1003B7E3B /* Settings.swift */ = {isa = PBXFileReference; lastKnownFileType = sourcecode.swift; path = Settings.swift; sourceTree = "<group>"; };
		7B042088218F3221003B7E3B /* AppDelegate.swift */ = {isa = PBXFileReference; lastKnownFileType = sourcecode.swift; path = AppDelegate.swift; sourceTree = "<group>"; };
		7B395E5C1D856A2800941445 /* LaunchScreen.storyboard */ = {isa = PBXFileReference; fileEncoding = 4; lastKnownFileType = file.storyboard; path = LaunchScreen.storyboard; sourceTree = "<group>"; };
		7B395E5F1D856A4500941445 /* Base */ = {isa = PBXFileReference; lastKnownFileType = file.storyboard; name = Base; path = Base.lproj/Main.storyboard; sourceTree = "<group>"; };
		7B3ECD4D1D84DFAB00DFEB0D /* en */ = {isa = PBXFileReference; lastKnownFileType = text.plist.strings; name = en; path = en.lproj/InfoPlist.strings; sourceTree = "<group>"; };
		7B3ECD4F1D84DFAC00DFEB0D /* fr */ = {isa = PBXFileReference; lastKnownFileType = text.plist.strings; name = fr; path = fr.lproj/InfoPlist.strings; sourceTree = "<group>"; };
		7B7A26C6218098D20051D470 /* GPS Body Paint-Bridging-Header.h */ = {isa = PBXFileReference; lastKnownFileType = sourcecode.c.h; path = "GPS Body Paint-Bridging-Header.h"; sourceTree = "<group>"; };
		7B7A26C7218098D20051D470 /* GameShape.swift */ = {isa = PBXFileReference; lastKnownFileType = sourcecode.swift; path = GameShape.swift; sourceTree = "<group>"; };
		7B8F8FFC1D84DA1200B03DC1 /* en */ = {isa = PBXFileReference; lastKnownFileType = text.plist.strings; name = en; path = en.lproj/Localizable.strings; sourceTree = "<group>"; };
		7B9912FC1D8DB0FF00AA2C1A /* VSOCurLocationView.h */ = {isa = PBXFileReference; fileEncoding = 4; lastKnownFileType = sourcecode.c.h; path = VSOCurLocationView.h; sourceTree = "<group>"; };
		7B9912FD1D8DB0FF00AA2C1A /* VSOCurLocationView.m */ = {isa = PBXFileReference; fileEncoding = 4; lastKnownFileType = sourcecode.c.objc; path = VSOCurLocationView.m; sourceTree = "<group>"; };
		7BA248211DCF818C007F5B2E /* Soccer Field.gpx */ = {isa = PBXFileReference; lastKnownFileType = text.xml; lineEnding = 0; path = "Soccer Field.gpx"; sourceTree = "<group>"; };
		7BA248281DCF8E7F007F5B2E /* en */ = {isa = PBXFileReference; lastKnownFileType = text.plist.strings; name = en; path = en.lproj/Main.strings; sourceTree = "<group>"; };
		7BA2482A1DCF9566007F5B2E /* fr */ = {isa = PBXFileReference; lastKnownFileType = text.plist.strings; name = fr; path = fr.lproj/Main.strings; sourceTree = "<group>"; };
		7BB0EA611D856B110057BFA2 /* Assets.xcassets */ = {isa = PBXFileReference; lastKnownFileType = folder.assetcatalog; path = Assets.xcassets; sourceTree = "<group>"; };
		7BB0EA631D858CAC0057BFA2 /* VSOLevelSizeViewController.h */ = {isa = PBXFileReference; fileEncoding = 4; lastKnownFileType = sourcecode.c.h; path = VSOLevelSizeViewController.h; sourceTree = "<group>"; };
		7BB0EA641D858CAC0057BFA2 /* VSOLevelSizeViewController.m */ = {isa = PBXFileReference; fileEncoding = 4; lastKnownFileType = sourcecode.c.objc; path = VSOLevelSizeViewController.m; sourceTree = "<group>"; };
		7BB0EA661D8590AA0057BFA2 /* VSOLevelDifficultyViewController.h */ = {isa = PBXFileReference; fileEncoding = 4; lastKnownFileType = sourcecode.c.h; path = VSOLevelDifficultyViewController.h; sourceTree = "<group>"; };
		7BB0EA671D8590AA0057BFA2 /* VSOLevelDifficultyViewController.m */ = {isa = PBXFileReference; fileEncoding = 4; lastKnownFileType = sourcecode.c.objc; path = VSOLevelDifficultyViewController.m; sourceTree = "<group>"; };
		7BB0EA691D8593E80057BFA2 /* VSOChallengeShapeViewController.h */ = {isa = PBXFileReference; fileEncoding = 4; lastKnownFileType = sourcecode.c.h; path = VSOChallengeShapeViewController.h; sourceTree = "<group>"; };
		7BB0EA6A1D8593E80057BFA2 /* VSOChallengeShapeViewController.m */ = {isa = PBXFileReference; fileEncoding = 4; lastKnownFileType = sourcecode.c.objc; path = VSOChallengeShapeViewController.m; sourceTree = "<group>"; };
		7BB0EA6C1D8596190057BFA2 /* VSOPlayingModeViewController.h */ = {isa = PBXFileReference; fileEncoding = 4; lastKnownFileType = sourcecode.c.h; path = VSOPlayingModeViewController.h; sourceTree = "<group>"; };
		7BB0EA6D1D8596190057BFA2 /* VSOPlayingModeViewController.m */ = {isa = PBXFileReference; fileEncoding = 4; lastKnownFileType = sourcecode.c.objc; path = VSOPlayingModeViewController.m; sourceTree = "<group>"; };
		8D1107310486CEB800E47090 /* GPS_Body_Paint-Info.plist */ = {isa = PBXFileReference; fileEncoding = 4; lastKnownFileType = text.plist.xml; path = "GPS_Body_Paint-Info.plist"; plistStructureDefinitionIdentifier = "com.apple.xcode.plist.structure-definition.iphone.info-plist"; sourceTree = "<group>"; };
/* End PBXFileReference section */

/* Begin PBXFrameworksBuildPhase section */
		1D60588F0D05DD3D006BFB54 /* Frameworks */ = {
			isa = PBXFrameworksBuildPhase;
			buildActionMask = 2147483647;
			files = (
				288765590DF743DE002DB57D /* CoreGraphics.framework in Frameworks */,
				0FD8DC83100DDB0300C076DB /* CoreLocation.framework in Frameworks */,
				1D60589F0D05DD5A006BFB54 /* Foundation.framework in Frameworks */,
				0FD8DB94100DCCC800C076DB /* MapKit.framework in Frameworks */,
				0FC06FB5100E33F700B0D157 /* QuartzCore.framework in Frameworks */,
				1DF5F4E00D08C38300B7A737 /* UIKit.framework in Frameworks */,
			);
			runOnlyForDeploymentPostprocessing = 0;
		};
/* End PBXFrameworksBuildPhase section */

/* Begin PBXGroup section */
		19C28FACFE9D520D11CA2CBB /* Products */ = {
			isa = PBXGroup;
			children = (
				1D6058910D05DD3D006BFB54 /* GPS Body Paint.app */,
			);
			name = Products;
			sourceTree = "<group>";
		};
		281C6CD70DB2D82200F60ACC /* Settings View */ = {
			isa = PBXGroup;
			children = (
				7B042084218F2792003B7E3B /* ShapeView.swift */,
				7BB0EA631D858CAC0057BFA2 /* VSOLevelSizeViewController.h */,
				7BB0EA641D858CAC0057BFA2 /* VSOLevelSizeViewController.m */,
				7BB0EA661D8590AA0057BFA2 /* VSOLevelDifficultyViewController.h */,
				7BB0EA671D8590AA0057BFA2 /* VSOLevelDifficultyViewController.m */,
				7BB0EA691D8593E80057BFA2 /* VSOChallengeShapeViewController.h */,
				7BB0EA6A1D8593E80057BFA2 /* VSOChallengeShapeViewController.m */,
				7BB0EA6C1D8596190057BFA2 /* VSOPlayingModeViewController.h */,
				7BB0EA6D1D8596190057BFA2 /* VSOPlayingModeViewController.m */,
				289233AC0DB2D0DB0083E9F9 /* VSOSettingsViewController.h */,
				289233AD0DB2D0DB0083E9F9 /* VSOSettingsViewController.m */,
			);
			path = "Settings View";
			sourceTree = "<group>";
		};
		289233A00DB2D0730083E9F9 /* Play View */ = {
			isa = PBXGroup;
			children = (
				0F7BBE92101EEC5A00F4EF59 /* VSOMapView.h */,
				0F7BBE93101EEC5A00F4EF59 /* VSOMapView.m */,
				7B7A26C7218098D20051D470 /* GameShape.swift */,
				7B9912FC1D8DB0FF00AA2C1A /* VSOCurLocationView.h */,
				7B9912FD1D8DB0FF00AA2C1A /* VSOCurLocationView.m */,
				0FD8DBD7100DD06E00C076DB /* VSOGridAnnotationView.h */,
				0FD8DBD8100DD06E00C076DB /* VSOGridAnnotationView.m */,
				0FD1BB31100F31FB00000185 /* VSOGameProgress.h */,
				0FD1BB32100F31FB00000185 /* VSOGameProgress.m */,
				289233A80DB2D0DB0083E9F9 /* VSOPlayViewController.h */,
				289233A90DB2D0DB0083E9F9 /* VSOPlayViewController.m */,
			);
			path = "Play View";
			sourceTree = "<group>";
		};
		29B97314FDCFA39411CA2CEA /* CustomTemplate */ = {
			isa = PBXGroup;
			children = (
				0FCDE41110160CD7001D5E65 /* Notes.rtf */,
				7B27B92A1DCF374D006F44B7 /* GPS Body Paint */,
				7BA248221DCF8193007F5B2E /* Fake Locations */,
				29B97323FDCFA39411CA2CEA /* Frameworks */,
				19C28FACFE9D520D11CA2CBB /* Products */,
			);
			name = CustomTemplate;
			sourceTree = "<group>";
		};
		29B97323FDCFA39411CA2CEA /* Frameworks */ = {
			isa = PBXGroup;
			children = (
				288765580DF743DE002DB57D /* CoreGraphics.framework */,
				0FD8DC82100DDB0300C076DB /* CoreLocation.framework */,
				1D30AB110D05D00D00671497 /* Foundation.framework */,
				0FD8DB93100DCCC800C076DB /* MapKit.framework */,
				0FC06FB4100E33F700B0D157 /* QuartzCore.framework */,
				1DF5F4DF0D08C38300B7A737 /* UIKit.framework */,
			);
			name = Frameworks;
			sourceTree = "<group>";
		};
		7B27B92A1DCF374D006F44B7 /* GPS Body Paint */ = {
			isa = PBXGroup;
			children = (
				7B27B9301DCF3BED006F44B7 /* Utilities */,
				7B27B92C1DCF378A006F44B7 /* Heart */,
				7B27B92B1DCF3755006F44B7 /* Views & Controllers */,
				7B27B92D1DCF37A0006F44B7 /* Supporting Files */,
			);
			path = "GPS Body Paint";
			sourceTree = "<group>";
		};
		7B27B92B1DCF3755006F44B7 /* Views & Controllers */ = {
			isa = PBXGroup;
			children = (
				7B395E5C1D856A2800941445 /* LaunchScreen.storyboard */,
				7B395E601D856A4500941445 /* Main.storyboard */,
				281C6CD70DB2D82200F60ACC /* Settings View */,
				289233A00DB2D0730083E9F9 /* Play View */,
			);
			path = "Views & Controllers";
			sourceTree = "<group>";
		};
		7B27B92C1DCF378A006F44B7 /* Heart */ = {
			isa = PBXGroup;
			children = (
				7B042086218F2CE1003B7E3B /* Settings.swift */,
				7B042088218F3221003B7E3B /* AppDelegate.swift */,
			);
			path = Heart;
			sourceTree = "<group>";
		};
		7B27B92D1DCF37A0006F44B7 /* Supporting Files */ = {
			isa = PBXGroup;
			children = (
				7B27B92F1DCF37E4006F44B7 /* Localizables */,
				7BB0EA611D856B110057BFA2 /* Assets.xcassets */,
				0F73F3F71010C4290004C707 /* Constants.h */,
				32CA4F630368D1EE00C91783 /* GPS_Body_Paint_Prefix.pch */,
				8D1107310486CEB800E47090 /* GPS_Body_Paint-Info.plist */,
				7B7A26C6218098D20051D470 /* GPS Body Paint-Bridging-Header.h */,
				0FCF47581019E2D0005E5F41 /* Settings.bundle */,
			);
			path = "Supporting Files";
			sourceTree = "<group>";
		};
		7B27B92F1DCF37E4006F44B7 /* Localizables */ = {
			isa = PBXGroup;
			children = (
				7B3ECD4E1D84DFAB00DFEB0D /* InfoPlist.strings */,
				0FD076D6101F19C900D9AF11 /* Localizable.strings */,
			);
			path = Localizables;
			sourceTree = "<group>";
		};
		7B27B9301DCF3BED006F44B7 /* Utilities */ = {
			isa = PBXGroup;
			children = (
				0FD1BBCE100F374800000185 /* VSOUtils.h */,
				0FD1BBCF100F374800000185 /* VSOUtils.c */,
				7B042082218F0852003B7E3B /* CGRect+Hashable.swift */,
			);
			path = Utilities;
			sourceTree = "<group>";
		};
		7BA248221DCF8193007F5B2E /* Fake Locations */ = {
			isa = PBXGroup;
			children = (
				7BA248211DCF818C007F5B2E /* Soccer Field.gpx */,
			);
			path = "Fake Locations";
			sourceTree = "<group>";
		};
/* End PBXGroup section */

/* Begin PBXNativeTarget section */
		1D6058900D05DD3D006BFB54 /* GPS Body Paint */ = {
			isa = PBXNativeTarget;
			buildConfigurationList = 1D6058960D05DD3E006BFB54 /* Build configuration list for PBXNativeTarget "GPS Body Paint" */;
			buildPhases = (
				1D60588D0D05DD3D006BFB54 /* Resources */,
				1D60588E0D05DD3D006BFB54 /* Sources */,
				1D60588F0D05DD3D006BFB54 /* Frameworks */,
			);
			buildRules = (
			);
			dependencies = (
			);
			name = "GPS Body Paint";
			productName = "Jeux iPhone";
			productReference = 1D6058910D05DD3D006BFB54 /* GPS Body Paint.app */;
			productType = "com.apple.product-type.application";
		};
/* End PBXNativeTarget section */

/* Begin PBXProject section */
		29B97313FDCFA39411CA2CEA /* Project object */ = {
			isa = PBXProject;
			attributes = {
				LastUpgradeCheck = 1010;
				ORGANIZATIONNAME = "Frost Land";
				TargetAttributes = {
					1D6058900D05DD3D006BFB54 = {
						DevelopmentTeam = DVL8GW97S8;
						LastSwiftMigration = 1000;
						ProvisioningStyle = Automatic;
					};
				};
			};
			buildConfigurationList = C01FCF4E08A954540054247B /* Build configuration list for PBXProject "GPS Body Paint" */;
			compatibilityVersion = "Xcode 8.0";
			developmentRegion = English;
			hasScannedForEncodings = 1;
			knownRegions = (
				Base,
				en,
				fr,
			);
			mainGroup = 29B97314FDCFA39411CA2CEA /* CustomTemplate */;
			projectDirPath = "";
			projectRoot = "";
			targets = (
				1D6058900D05DD3D006BFB54 /* GPS Body Paint */,
			);
		};
/* End PBXProject section */

/* Begin PBXResourcesBuildPhase section */
		1D60588D0D05DD3D006BFB54 /* Resources */ = {
			isa = PBXResourcesBuildPhase;
			buildActionMask = 2147483647;
			files = (
				7B395E5E1D856A4500941445 /* Main.storyboard in Resources */,
				7BB0EA621D856B110057BFA2 /* Assets.xcassets in Resources */,
				0FD076D7101F19C900D9AF11 /* Localizable.strings in Resources */,
				7B3ECD4C1D84DFAB00DFEB0D /* InfoPlist.strings in Resources */,
				0FCF47591019E2D0005E5F41 /* Settings.bundle in Resources */,
				7B395E5D1D856A2800941445 /* LaunchScreen.storyboard in Resources */,
			);
			runOnlyForDeploymentPostprocessing = 0;
		};
/* End PBXResourcesBuildPhase section */

/* Begin PBXSourcesBuildPhase section */
		1D60588E0D05DD3D006BFB54 /* Sources */ = {
			isa = PBXSourcesBuildPhase;
			buildActionMask = 2147483647;
			files = (
				7B042083218F0852003B7E3B /* CGRect+Hashable.swift in Sources */,
				7BB0EA651D858CAC0057BFA2 /* VSOLevelSizeViewController.m in Sources */,
				7B7A26C8218098D20051D470 /* GameShape.swift in Sources */,
				289233AE0DB2D0DB0083E9F9 /* VSOPlayViewController.m in Sources */,
				7B042087218F2CE1003B7E3B /* Settings.swift in Sources */,
				7BB0EA6B1D8593E80057BFA2 /* VSOChallengeShapeViewController.m in Sources */,
				289233B00DB2D0DB0083E9F9 /* VSOSettingsViewController.m in Sources */,
				0FD8DBD9100DD06E00C076DB /* VSOGridAnnotationView.m in Sources */,
				0FD1BB33100F31FB00000185 /* VSOGameProgress.m in Sources */,
				0FD1BBD0100F374800000185 /* VSOUtils.c in Sources */,
				7B042089218F3221003B7E3B /* AppDelegate.swift in Sources */,
				7B042085218F2792003B7E3B /* ShapeView.swift in Sources */,
				7B9912FE1D8DB0FF00AA2C1A /* VSOCurLocationView.m in Sources */,
				7BB0EA6E1D8596190057BFA2 /* VSOPlayingModeViewController.m in Sources */,
				7BB0EA681D8590AA0057BFA2 /* VSOLevelDifficultyViewController.m in Sources */,
				0F7BBE94101EEC5A00F4EF59 /* VSOMapView.m in Sources */,
			);
			runOnlyForDeploymentPostprocessing = 0;
		};
/* End PBXSourcesBuildPhase section */

/* Begin PBXVariantGroup section */
		0FD076D6101F19C900D9AF11 /* Localizable.strings */ = {
			isa = PBXVariantGroup;
			children = (
				0FD076D8101F19EB00D9AF11 /* French */,
				7B8F8FFC1D84DA1200B03DC1 /* en */,
			);
			name = Localizable.strings;
			sourceTree = "<group>";
		};
		7B395E601D856A4500941445 /* Main.storyboard */ = {
			isa = PBXVariantGroup;
			children = (
				7B395E5F1D856A4500941445 /* Base */,
				7BA248281DCF8E7F007F5B2E /* en */,
				7BA2482A1DCF9566007F5B2E /* fr */,
			);
			name = Main.storyboard;
			sourceTree = "<group>";
		};
		7B3ECD4E1D84DFAB00DFEB0D /* InfoPlist.strings */ = {
			isa = PBXVariantGroup;
			children = (
				7B3ECD4D1D84DFAB00DFEB0D /* en */,
				7B3ECD4F1D84DFAC00DFEB0D /* fr */,
			);
			name = InfoPlist.strings;
			sourceTree = "<group>";
		};
/* End PBXVariantGroup section */

/* Begin XCBuildConfiguration section */
		1D6058940D05DD3E006BFB54 /* Debug */ = {
			isa = XCBuildConfiguration;
			buildSettings = {
				ASSETCATALOG_COMPILER_APPICON_NAME = AppIcon;
				CLANG_ENABLE_MODULES = YES;
				COPY_PHASE_STRIP = NO;
				DEVELOPMENT_TEAM = DVL8GW97S8;
				GCC_DYNAMIC_NO_PIC = NO;
				GCC_OPTIMIZATION_LEVEL = 0;
				GCC_PRECOMPILE_PREFIX_HEADER = YES;
				GCC_PREFIX_HEADER = "GPS Body Paint/Supporting Files/GPS_Body_Paint_Prefix.pch";
				INFOPLIST_FILE = "GPS Body Paint/Supporting Files/GPS_Body_Paint-Info.plist";
				LD_RUNPATH_SEARCH_PATHS = "$(inherited) @executable_path/Frameworks";
				PRODUCT_BUNDLE_IDENTIFIER = "fr.vso-software.GPSBodyPaint";
				PRODUCT_NAME = "GPS Body Paint";
				SWIFT_OBJC_BRIDGING_HEADER = "GPS Body Paint/Supporting Files/GPS Body Paint-Bridging-Header.h";
				SWIFT_OPTIMIZATION_LEVEL = "-Onone";
				SWIFT_VERSION = 4.2;
			};
			name = Debug;
		};
		1D6058950D05DD3E006BFB54 /* Release */ = {
			isa = XCBuildConfiguration;
			buildSettings = {
				ASSETCATALOG_COMPILER_APPICON_NAME = AppIcon;
				CLANG_ENABLE_MODULES = YES;
				COPY_PHASE_STRIP = YES;
				DEVELOPMENT_TEAM = DVL8GW97S8;
				GCC_PRECOMPILE_PREFIX_HEADER = YES;
				GCC_PREFIX_HEADER = "GPS Body Paint/Supporting Files/GPS_Body_Paint_Prefix.pch";
				INFOPLIST_FILE = "GPS Body Paint/Supporting Files/GPS_Body_Paint-Info.plist";
				LD_RUNPATH_SEARCH_PATHS = "$(inherited) @executable_path/Frameworks";
				PRODUCT_BUNDLE_IDENTIFIER = "fr.vso-software.GPSBodyPaint";
				PRODUCT_NAME = "GPS Body Paint";
				SWIFT_OBJC_BRIDGING_HEADER = "GPS Body Paint/Supporting Files/GPS Body Paint-Bridging-Header.h";
				SWIFT_VERSION = 4.2;
			};
			name = Release;
		};
		C01FCF4F08A954540054247B /* Debug */ = {
			isa = XCBuildConfiguration;
			buildSettings = {
				ALWAYS_SEARCH_USER_PATHS = NO;
				CLANG_ANALYZER_LOCALIZABILITY_NONLOCALIZED = YES;
				CLANG_ENABLE_OBJC_ARC = YES;
				CLANG_WARN_BLOCK_CAPTURE_AUTORELEASING = YES;
				CLANG_WARN_BOOL_CONVERSION = YES;
				CLANG_WARN_COMMA = YES;
				CLANG_WARN_CONSTANT_CONVERSION = YES;
				CLANG_WARN_DEPRECATED_OBJC_IMPLEMENTATIONS = YES;
				CLANG_WARN_EMPTY_BODY = YES;
				CLANG_WARN_ENUM_CONVERSION = YES;
				CLANG_WARN_INFINITE_RECURSION = YES;
				CLANG_WARN_INT_CONVERSION = YES;
				CLANG_WARN_NON_LITERAL_NULL_CONVERSION = YES;
				CLANG_WARN_OBJC_IMPLICIT_RETAIN_SELF = YES;
				CLANG_WARN_OBJC_LITERAL_CONVERSION = YES;
				CLANG_WARN_RANGE_LOOP_ANALYSIS = YES;
				CLANG_WARN_STRICT_PROTOTYPES = YES;
				CLANG_WARN_SUSPICIOUS_MOVE = YES;
				CLANG_WARN_UNREACHABLE_CODE = YES;
				CLANG_WARN__DUPLICATE_METHOD_MATCH = YES;
				CODE_SIGN_IDENTITY = "iPhone Developer";
				ENABLE_STRICT_OBJC_MSGSEND = YES;
				ENABLE_TESTABILITY = YES;
				GCC_C_LANGUAGE_STANDARD = c99;
				GCC_NO_COMMON_BLOCKS = YES;
				GCC_WARN_64_TO_32_BIT_CONVERSION = YES;
				GCC_WARN_ABOUT_RETURN_TYPE = YES;
				GCC_WARN_UNDECLARED_SELECTOR = YES;
				GCC_WARN_UNINITIALIZED_AUTOS = YES;
				GCC_WARN_UNUSED_FUNCTION = YES;
				GCC_WARN_UNUSED_VARIABLE = YES;
				IPHONEOS_DEPLOYMENT_TARGET = 8.0;
				ONLY_ACTIVE_ARCH = YES;
				SDKROOT = iphoneos;
			};
			name = Debug;
		};
		C01FCF5008A954540054247B /* Release */ = {
			isa = XCBuildConfiguration;
			buildSettings = {
				ALWAYS_SEARCH_USER_PATHS = NO;
				CLANG_ANALYZER_LOCALIZABILITY_NONLOCALIZED = YES;
				CLANG_ENABLE_OBJC_ARC = YES;
				CLANG_WARN_BLOCK_CAPTURE_AUTORELEASING = YES;
				CLANG_WARN_BOOL_CONVERSION = YES;
				CLANG_WARN_COMMA = YES;
				CLANG_WARN_CONSTANT_CONVERSION = YES;
				CLANG_WARN_DEPRECATED_OBJC_IMPLEMENTATIONS = YES;
				CLANG_WARN_EMPTY_BODY = YES;
				CLANG_WARN_ENUM_CONVERSION = YES;
				CLANG_WARN_INFINITE_RECURSION = YES;
				CLANG_WARN_INT_CONVERSION = YES;
				CLANG_WARN_NON_LITERAL_NULL_CONVERSION = YES;
				CLANG_WARN_OBJC_IMPLICIT_RETAIN_SELF = YES;
				CLANG_WARN_OBJC_LITERAL_CONVERSION = YES;
				CLANG_WARN_RANGE_LOOP_ANALYSIS = YES;
				CLANG_WARN_STRICT_PROTOTYPES = YES;
				CLANG_WARN_SUSPICIOUS_MOVE = YES;
				CLANG_WARN_UNREACHABLE_CODE = YES;
				CLANG_WARN__DUPLICATE_METHOD_MATCH = YES;
				CODE_SIGN_IDENTITY = "iPhone Developer";
				ENABLE_STRICT_OBJC_MSGSEND = YES;
				GCC_C_LANGUAGE_STANDARD = c99;
				GCC_NO_COMMON_BLOCKS = YES;
				GCC_PREPROCESSOR_DEFINITIONS = NDEBUG;
				GCC_WARN_64_TO_32_BIT_CONVERSION = YES;
				GCC_WARN_ABOUT_RETURN_TYPE = YES;
				GCC_WARN_UNDECLARED_SELECTOR = YES;
				GCC_WARN_UNINITIALIZED_AUTOS = YES;
				GCC_WARN_UNUSED_FUNCTION = YES;
				GCC_WARN_UNUSED_VARIABLE = YES;
				IPHONEOS_DEPLOYMENT_TARGET = 8.0;
				SDKROOT = iphoneos;
				SWIFT_COMPILATION_MODE = wholemodule;
			};
			name = Release;
		};
/* End XCBuildConfiguration section */

/* Begin XCConfigurationList section */
		1D6058960D05DD3E006BFB54 /* Build configuration list for PBXNativeTarget "GPS Body Paint" */ = {
			isa = XCConfigurationList;
			buildConfigurations = (
				1D6058940D05DD3E006BFB54 /* Debug */,
				1D6058950D05DD3E006BFB54 /* Release */,
			);
			defaultConfigurationIsVisible = 0;
			defaultConfigurationName = Release;
		};
		C01FCF4E08A954540054247B /* Build configuration list for PBXProject "GPS Body Paint" */ = {
			isa = XCConfigurationList;
			buildConfigurations = (
				C01FCF4F08A954540054247B /* Debug */,
				C01FCF5008A954540054247B /* Release */,
			);
			defaultConfigurationIsVisible = 0;
			defaultConfigurationName = Release;
		};
/* End XCConfigurationList section */
	};
	rootObject = 29B97313FDCFA39411CA2CEA /* Project object */;
}
