// !$*UTF8*$!
{
	archiveVersion = 1;
	classes = {
	};
	objectVersion = 45;
	objects = {

/* Begin PBXBuildFile section */
		0F062651101897AC004DAB6E /* Red Arrow Up.png in Resources */ = {isa = PBXBuildFile; fileRef = 0F062650101897AC004DAB6E /* Red Arrow Up.png */; };
		0F062656101899DB004DAB6E /* Red Arrow Down.png in Resources */ = {isa = PBXBuildFile; fileRef = 0F062653101899DB004DAB6E /* Red Arrow Down.png */; };
		0F062657101899DB004DAB6E /* Red Arrow Left.png in Resources */ = {isa = PBXBuildFile; fileRef = 0F062654101899DB004DAB6E /* Red Arrow Left.png */; };
		0F062658101899DB004DAB6E /* Red Arrow Right.png in Resources */ = {isa = PBXBuildFile; fileRef = 0F062655101899DB004DAB6E /* Red Arrow Right.png */; };
		0F62E5CD103EC86F00D62CB2 /* Default.png in Resources */ = {isa = PBXBuildFile; fileRef = 0F62E5CB103EC86F00D62CB2 /* Default.png */; };
		0F7BBE94101EEC5A00F4EF59 /* VSOMapView.m in Sources */ = {isa = PBXBuildFile; fileRef = 0F7BBE93101EEC5A00F4EF59 /* VSOMapView.m */; };
		0F7E117610185013000D35AF /* VSOShapeView.m in Sources */ = {isa = PBXBuildFile; fileRef = 0F7E117510185013000D35AF /* VSOShapeView.m */; };
		0F802BE4101D9CC300824E9B /* center_to_cur_ul.png in Resources */ = {isa = PBXBuildFile; fileRef = 0F802BE3101D9CC300824E9B /* center_to_cur_ul.png */; };
		0F9495621014716E00717D5A /* VSOGameShape.m in Sources */ = {isa = PBXBuildFile; fileRef = 0F9495611014716E00717D5A /* VSOGameShape.m */; };
		0FC06FB5100E33F700B0D157 /* QuartzCore.framework in Frameworks */ = {isa = PBXBuildFile; fileRef = 0FC06FB4100E33F700B0D157 /* QuartzCore.framework */; };
		0FCF47591019E2D0005E5F41 /* Settings.bundle in Resources */ = {isa = PBXBuildFile; fileRef = 0FCF47581019E2D0005E5F41 /* Settings.bundle */; };
		0FCF480F1019FA84005E5F41 /* icon.png in Resources */ = {isa = PBXBuildFile; fileRef = 0FCF480E1019FA84005E5F41 /* icon.png */; };
		0FCF48181019FE79005E5F41 /* Icon-Small.png in Resources */ = {isa = PBXBuildFile; fileRef = 0FCF48171019FE79005E5F41 /* Icon-Small.png */; };
		0FCF481B1019FEB1005E5F41 /* Icon-Settings.png in Resources */ = {isa = PBXBuildFile; fileRef = 0FCF481A1019FEB1005E5F41 /* Icon-Settings.png */; };
		0FCF4828101A016C005E5F41 /* VSOSendScoresViewCtrl.m in Sources */ = {isa = PBXBuildFile; fileRef = 0FCF4826101A016C005E5F41 /* VSOSendScoresViewCtrl.m */; };
		0FD076D7101F19C900D9AF11 /* Localizable.strings in Resources */ = {isa = PBXBuildFile; fileRef = 0FD076D6101F19C900D9AF11 /* Localizable.strings */; };
		0FD07702101F1F5F00D9AF11 /* MainWindow.xib in Resources */ = {isa = PBXBuildFile; fileRef = 0FD07701101F1F5F00D9AF11 /* MainWindow.xib */; };
		0FD07704101F1F5F00D9AF11 /* VSOChallengeShapeView.xib in Resources */ = {isa = PBXBuildFile; fileRef = 0FD07703101F1F5F00D9AF11 /* VSOChallengeShapeView.xib */; };
		0FD07706101F1F5F00D9AF11 /* VSOLevelDifficultyView.xib in Resources */ = {isa = PBXBuildFile; fileRef = 0FD07705101F1F5F00D9AF11 /* VSOLevelDifficultyView.xib */; };
		0FD07708101F1F5F00D9AF11 /* VSOLevelSizeView.xib in Resources */ = {isa = PBXBuildFile; fileRef = 0FD07707101F1F5F00D9AF11 /* VSOLevelSizeView.xib */; };
		0FD0770A101F1F5F00D9AF11 /* VSOPlayingModeView.xib in Resources */ = {isa = PBXBuildFile; fileRef = 0FD07709101F1F5F00D9AF11 /* VSOPlayingModeView.xib */; };
		0FD0770C101F1F5F00D9AF11 /* VSOPlayView.xib in Resources */ = {isa = PBXBuildFile; fileRef = 0FD0770B101F1F5F00D9AF11 /* VSOPlayView.xib */; };
		0FD0770E101F1F5F00D9AF11 /* VSOSendScoresView.xib in Resources */ = {isa = PBXBuildFile; fileRef = 0FD0770D101F1F5F00D9AF11 /* VSOSendScoresView.xib */; };
		0FD07710101F1F5F00D9AF11 /* VSOSettingsView.xib in Resources */ = {isa = PBXBuildFile; fileRef = 0FD0770F101F1F5F00D9AF11 /* VSOSettingsView.xib */; };
		0FD1BB0E100F2C7900000185 /* VSOSettings.m in Sources */ = {isa = PBXBuildFile; fileRef = 0FD1BB0D100F2C7900000185 /* VSOSettings.m */; };
		0FD1BB33100F31FB00000185 /* VSOGameProgress.m in Sources */ = {isa = PBXBuildFile; fileRef = 0FD1BB32100F31FB00000185 /* VSOGameProgress.m */; };
		0FD1BBD0100F374800000185 /* VSOUtils.c in Sources */ = {isa = PBXBuildFile; fileRef = 0FD1BBCF100F374800000185 /* VSOUtils.c */; };
		0FD8DB94100DCCC800C076DB /* MapKit.framework in Frameworks */ = {isa = PBXBuildFile; fileRef = 0FD8DB93100DCCC800C076DB /* MapKit.framework */; };
		0FD8DBD9100DD06E00C076DB /* VSOGridAnnotationView.m in Sources */ = {isa = PBXBuildFile; fileRef = 0FD8DBD8100DD06E00C076DB /* VSOGridAnnotationView.m */; };
		0FD8DC83100DDB0300C076DB /* CoreLocation.framework in Frameworks */ = {isa = PBXBuildFile; fileRef = 0FD8DC82100DDB0300C076DB /* CoreLocation.framework */; };
		1D3623260D0F684500981E51 /* GPSBodyPaintAppDelegate.m in Sources */ = {isa = PBXBuildFile; fileRef = 1D3623250D0F684500981E51 /* GPSBodyPaintAppDelegate.m */; };
		1D60589B0D05DD56006BFB54 /* main.m in Sources */ = {isa = PBXBuildFile; fileRef = 29B97316FDCFA39411CA2CEA /* main.m */; };
		1D60589F0D05DD5A006BFB54 /* Foundation.framework in Frameworks */ = {isa = PBXBuildFile; fileRef = 1D30AB110D05D00D00671497 /* Foundation.framework */; };
		1DF5F4E00D08C38300B7A737 /* UIKit.framework in Frameworks */ = {isa = PBXBuildFile; fileRef = 1DF5F4DF0D08C38300B7A737 /* UIKit.framework */; };
		288765590DF743DE002DB57D /* CoreGraphics.framework in Frameworks */ = {isa = PBXBuildFile; fileRef = 288765580DF743DE002DB57D /* CoreGraphics.framework */; };
		289233A60DB2D0840083E9F9 /* VSOSettingsView.m in Sources */ = {isa = PBXBuildFile; fileRef = 289233A30DB2D0840083E9F9 /* VSOSettingsView.m */; };
		289233A70DB2D0840083E9F9 /* VSOPlayView.m in Sources */ = {isa = PBXBuildFile; fileRef = 289233A50DB2D0840083E9F9 /* VSOPlayView.m */; };
		289233AE0DB2D0DB0083E9F9 /* VSOPlayViewController.m in Sources */ = {isa = PBXBuildFile; fileRef = 289233A90DB2D0DB0083E9F9 /* VSOPlayViewController.m */; };
		289233B00DB2D0DB0083E9F9 /* VSOSettingsViewController.m in Sources */ = {isa = PBXBuildFile; fileRef = 289233AD0DB2D0DB0083E9F9 /* VSOSettingsViewController.m */; };
/* End PBXBuildFile section */

/* Begin PBXFileReference section */
		0F062650101897AC004DAB6E /* Red Arrow Up.png */ = {isa = PBXFileReference; lastKnownFileType = image.png; name = "Red Arrow Up.png"; path = "Gfx/Red Arrow Up.png"; sourceTree = "<group>"; };
		0F062653101899DB004DAB6E /* Red Arrow Down.png */ = {isa = PBXFileReference; lastKnownFileType = image.png; name = "Red Arrow Down.png"; path = "Gfx/Red Arrow Down.png"; sourceTree = "<group>"; };
		0F062654101899DB004DAB6E /* Red Arrow Left.png */ = {isa = PBXFileReference; lastKnownFileType = image.png; name = "Red Arrow Left.png"; path = "Gfx/Red Arrow Left.png"; sourceTree = "<group>"; };
		0F062655101899DB004DAB6E /* Red Arrow Right.png */ = {isa = PBXFileReference; lastKnownFileType = image.png; name = "Red Arrow Right.png"; path = "Gfx/Red Arrow Right.png"; sourceTree = "<group>"; };
		0F577F8710207B7C00067838 /* Geocade.pdf */ = {isa = PBXFileReference; lastKnownFileType = image.pdf; path = Geocade.pdf; sourceTree = "<group>"; };
		0F62E5CC103EC86F00D62CB2 /* English */ = {isa = PBXFileReference; lastKnownFileType = image.png; name = English; path = English.lproj/Default.png; sourceTree = "<group>"; };
		0F62E5CE103EC87600D62CB2 /* French */ = {isa = PBXFileReference; lastKnownFileType = image.png; name = French; path = French.lproj/Default.png; sourceTree = "<group>"; };
		0F73F0F71010A3FE0004C707 /* English */ = {isa = PBXFileReference; lastKnownFileType = file.xib; name = English; path = English.lproj/VSOChallengeShapeView.xib; sourceTree = "<group>"; };
		0F73F2BD1010B12F0004C707 /* English */ = {isa = PBXFileReference; lastKnownFileType = file.xib; name = English; path = English.lproj/VSOLevelDifficultyView.xib; sourceTree = "<group>"; };
		0F73F3381010B7410004C707 /* English */ = {isa = PBXFileReference; lastKnownFileType = file.xib; name = English; path = English.lproj/VSOLevelSizeView.xib; sourceTree = "<group>"; };
		0F73F3431010B7EC0004C707 /* English */ = {isa = PBXFileReference; lastKnownFileType = file.xib; name = English; path = English.lproj/VSOPlayingModeView.xib; sourceTree = "<group>"; };
		0F73F3F71010C4290004C707 /* Constants.h */ = {isa = PBXFileReference; fileEncoding = 4; lastKnownFileType = sourcecode.c.h; path = Constants.h; sourceTree = "<group>"; };
		0F7BBE92101EEC5A00F4EF59 /* VSOMapView.h */ = {isa = PBXFileReference; fileEncoding = 4; lastKnownFileType = sourcecode.c.h; path = VSOMapView.h; sourceTree = "<group>"; };
		0F7BBE93101EEC5A00F4EF59 /* VSOMapView.m */ = {isa = PBXFileReference; fileEncoding = 4; lastKnownFileType = sourcecode.c.objc; path = VSOMapView.m; sourceTree = "<group>"; };
		0F7E117410185013000D35AF /* VSOShapeView.h */ = {isa = PBXFileReference; fileEncoding = 4; lastKnownFileType = sourcecode.c.h; path = VSOShapeView.h; sourceTree = "<group>"; };
		0F7E117510185013000D35AF /* VSOShapeView.m */ = {isa = PBXFileReference; fileEncoding = 4; lastKnownFileType = sourcecode.c.objc; path = VSOShapeView.m; sourceTree = "<group>"; };
		0F802BE3101D9CC300824E9B /* center_to_cur_ul.png */ = {isa = PBXFileReference; lastKnownFileType = image.png; name = center_to_cur_ul.png; path = Gfx/center_to_cur_ul.png; sourceTree = "<group>"; };
		0F9495601014716E00717D5A /* VSOGameShape.h */ = {isa = PBXFileReference; fileEncoding = 4; lastKnownFileType = sourcecode.c.h; path = VSOGameShape.h; sourceTree = "<group>"; };
		0F9495611014716E00717D5A /* VSOGameShape.m */ = {isa = PBXFileReference; fileEncoding = 4; lastKnownFileType = sourcecode.c.objc; path = VSOGameShape.m; sourceTree = "<group>"; };
		0FC06FB4100E33F700B0D157 /* QuartzCore.framework */ = {isa = PBXFileReference; lastKnownFileType = wrapper.framework; name = QuartzCore.framework; path = System/Library/Frameworks/QuartzCore.framework; sourceTree = SDKROOT; };
		0FCDE41110160CD7001D5E65 /* Ideas.rtf */ = {isa = PBXFileReference; lastKnownFileType = text.rtf; path = Ideas.rtf; sourceTree = "<group>"; };
		0FCF47581019E2D0005E5F41 /* Settings.bundle */ = {isa = PBXFileReference; lastKnownFileType = "wrapper.plug-in"; path = Settings.bundle; sourceTree = "<group>"; };
		0FCF480E1019FA84005E5F41 /* icon.png */ = {isa = PBXFileReference; lastKnownFileType = image.png; name = icon.png; path = Gfx/icon/icon.png; sourceTree = "<group>"; };
		0FCF48171019FE79005E5F41 /* Icon-Small.png */ = {isa = PBXFileReference; lastKnownFileType = image.png; name = "Icon-Small.png"; path = "Gfx/icon/Icon-Small.png"; sourceTree = "<group>"; };
		0FCF481A1019FEB1005E5F41 /* Icon-Settings.png */ = {isa = PBXFileReference; lastKnownFileType = image.png; name = "Icon-Settings.png"; path = "Gfx/icon/Icon-Settings.png"; sourceTree = "<group>"; };
		0FCF4825101A016C005E5F41 /* VSOSendScoresViewCtrl.h */ = {isa = PBXFileReference; fileEncoding = 4; lastKnownFileType = sourcecode.c.h; path = VSOSendScoresViewCtrl.h; sourceTree = "<group>"; };
		0FCF4826101A016C005E5F41 /* VSOSendScoresViewCtrl.m */ = {isa = PBXFileReference; fileEncoding = 4; lastKnownFileType = sourcecode.c.objc; path = VSOSendScoresViewCtrl.m; sourceTree = "<group>"; };
		0FCF4827101A016C005E5F41 /* English */ = {isa = PBXFileReference; lastKnownFileType = file.xib; name = English; path = English.lproj/VSOSendScoresView.xib; sourceTree = "<group>"; };
		0FD076D8101F19EB00D9AF11 /* French */ = {isa = PBXFileReference; lastKnownFileType = text.plist.strings; name = French; path = French.lproj/Localizable.strings; sourceTree = "<group>"; };
		0FD07711101F1F7700D9AF11 /* French */ = {isa = PBXFileReference; lastKnownFileType = file.xib; name = French; path = French.lproj/MainWindow.xib; sourceTree = "<group>"; };
		0FD07712101F1F7700D9AF11 /* French */ = {isa = PBXFileReference; lastKnownFileType = file.xib; name = French; path = French.lproj/VSOChallengeShapeView.xib; sourceTree = "<group>"; };
		0FD07713101F1F7700D9AF11 /* French */ = {isa = PBXFileReference; lastKnownFileType = file.xib; name = French; path = French.lproj/VSOLevelDifficultyView.xib; sourceTree = "<group>"; };
		0FD07714101F1F7700D9AF11 /* French */ = {isa = PBXFileReference; lastKnownFileType = file.xib; name = French; path = French.lproj/VSOLevelSizeView.xib; sourceTree = "<group>"; };
		0FD07715101F1F7700D9AF11 /* French */ = {isa = PBXFileReference; lastKnownFileType = file.xib; name = French; path = French.lproj/VSOPlayingModeView.xib; sourceTree = "<group>"; };
		0FD07716101F1F7700D9AF11 /* French */ = {isa = PBXFileReference; lastKnownFileType = file.xib; name = French; path = French.lproj/VSOPlayView.xib; sourceTree = "<group>"; };
		0FD07717101F1F7700D9AF11 /* French */ = {isa = PBXFileReference; lastKnownFileType = file.xib; name = French; path = French.lproj/VSOSendScoresView.xib; sourceTree = "<group>"; };
		0FD07718101F1F7700D9AF11 /* French */ = {isa = PBXFileReference; lastKnownFileType = file.xib; name = French; path = French.lproj/VSOSettingsView.xib; sourceTree = "<group>"; };
		0FD1BB0C100F2C7900000185 /* VSOSettings.h */ = {isa = PBXFileReference; fileEncoding = 4; lastKnownFileType = sourcecode.c.h; path = VSOSettings.h; sourceTree = "<group>"; };
		0FD1BB0D100F2C7900000185 /* VSOSettings.m */ = {isa = PBXFileReference; fileEncoding = 4; lastKnownFileType = sourcecode.c.objc; path = VSOSettings.m; sourceTree = "<group>"; };
		0FD1BB31100F31FB00000185 /* VSOGameProgress.h */ = {isa = PBXFileReference; fileEncoding = 4; lastKnownFileType = sourcecode.c.h; path = VSOGameProgress.h; sourceTree = "<group>"; };
		0FD1BB32100F31FB00000185 /* VSOGameProgress.m */ = {isa = PBXFileReference; fileEncoding = 4; lastKnownFileType = sourcecode.c.objc; path = VSOGameProgress.m; sourceTree = "<group>"; };
		0FD1BBCE100F374800000185 /* VSOUtils.h */ = {isa = PBXFileReference; fileEncoding = 4; lastKnownFileType = sourcecode.c.h; path = VSOUtils.h; sourceTree = "<group>"; };
		0FD1BBCF100F374800000185 /* VSOUtils.c */ = {isa = PBXFileReference; fileEncoding = 4; lastKnownFileType = sourcecode.c.c; path = VSOUtils.c; sourceTree = "<group>"; };
		0FD1BC79100F47D200000185 /* English */ = {isa = PBXFileReference; fileEncoding = 10; lastKnownFileType = text.plist.strings; name = English; path = English.lproj/Localizable.strings; sourceTree = "<group>"; };
		0FD8DB93100DCCC800C076DB /* MapKit.framework */ = {isa = PBXFileReference; lastKnownFileType = wrapper.framework; name = MapKit.framework; path = System/Library/Frameworks/MapKit.framework; sourceTree = SDKROOT; };
		0FD8DBD7100DD06E00C076DB /* VSOGridAnnotationView.h */ = {isa = PBXFileReference; fileEncoding = 4; lastKnownFileType = sourcecode.c.h; path = VSOGridAnnotationView.h; sourceTree = "<group>"; };
		0FD8DBD8100DD06E00C076DB /* VSOGridAnnotationView.m */ = {isa = PBXFileReference; fileEncoding = 4; lastKnownFileType = sourcecode.c.objc; path = VSOGridAnnotationView.m; sourceTree = "<group>"; };
		0FD8DC82100DDB0300C076DB /* CoreLocation.framework */ = {isa = PBXFileReference; lastKnownFileType = wrapper.framework; name = CoreLocation.framework; path = System/Library/Frameworks/CoreLocation.framework; sourceTree = SDKROOT; };
		1D30AB110D05D00D00671497 /* Foundation.framework */ = {isa = PBXFileReference; lastKnownFileType = wrapper.framework; name = Foundation.framework; path = System/Library/Frameworks/Foundation.framework; sourceTree = SDKROOT; };
		1D3623240D0F684500981E51 /* GPSBodyPaintAppDelegate.h */ = {isa = PBXFileReference; fileEncoding = 4; lastKnownFileType = sourcecode.c.h; path = GPSBodyPaintAppDelegate.h; sourceTree = "<group>"; };
		1D3623250D0F684500981E51 /* GPSBodyPaintAppDelegate.m */ = {isa = PBXFileReference; fileEncoding = 4; lastKnownFileType = sourcecode.c.objc; path = GPSBodyPaintAppDelegate.m; sourceTree = "<group>"; };
		1D6058910D05DD3D006BFB54 /* GPS Body Paint.app */ = {isa = PBXFileReference; explicitFileType = wrapper.application; includeInIndex = 0; path = "GPS Body Paint.app"; sourceTree = BUILT_PRODUCTS_DIR; };
		1DF5F4DF0D08C38300B7A737 /* UIKit.framework */ = {isa = PBXFileReference; lastKnownFileType = wrapper.framework; name = UIKit.framework; path = System/Library/Frameworks/UIKit.framework; sourceTree = SDKROOT; };
		280E754A0DD40C5E005A515E /* English */ = {isa = PBXFileReference; lastKnownFileType = file.xib; name = English; path = English.lproj/VSOSettingsView.xib; sourceTree = "<group>"; };
		280E754B0DD40C5E005A515E /* English */ = {isa = PBXFileReference; lastKnownFileType = file.xib; name = English; path = English.lproj/VSOPlayView.xib; sourceTree = "<group>"; };
		280E754C0DD40C5E005A515E /* English */ = {isa = PBXFileReference; lastKnownFileType = file.xib; name = English; path = English.lproj/MainWindow.xib; sourceTree = "<group>"; };
		288765580DF743DE002DB57D /* CoreGraphics.framework */ = {isa = PBXFileReference; lastKnownFileType = wrapper.framework; name = CoreGraphics.framework; path = System/Library/Frameworks/CoreGraphics.framework; sourceTree = SDKROOT; };
		289233A20DB2D0840083E9F9 /* VSOSettingsView.h */ = {isa = PBXFileReference; fileEncoding = 4; lastKnownFileType = sourcecode.c.h; name = VSOSettingsView.h; path = Classes/VSOSettingsView.h; sourceTree = "<group>"; };
		289233A30DB2D0840083E9F9 /* VSOSettingsView.m */ = {isa = PBXFileReference; fileEncoding = 4; lastKnownFileType = sourcecode.c.objc; name = VSOSettingsView.m; path = Classes/VSOSettingsView.m; sourceTree = "<group>"; };
		289233A40DB2D0840083E9F9 /* VSOPlayView.h */ = {isa = PBXFileReference; fileEncoding = 4; lastKnownFileType = sourcecode.c.h; name = VSOPlayView.h; path = Classes/VSOPlayView.h; sourceTree = "<group>"; };
		289233A50DB2D0840083E9F9 /* VSOPlayView.m */ = {isa = PBXFileReference; fileEncoding = 4; lastKnownFileType = sourcecode.c.objc; name = VSOPlayView.m; path = Classes/VSOPlayView.m; sourceTree = "<group>"; };
		289233A80DB2D0DB0083E9F9 /* VSOPlayViewController.h */ = {isa = PBXFileReference; fileEncoding = 4; lastKnownFileType = sourcecode.c.h; name = VSOPlayViewController.h; path = Classes/VSOPlayViewController.h; sourceTree = "<group>"; };
		289233A90DB2D0DB0083E9F9 /* VSOPlayViewController.m */ = {isa = PBXFileReference; fileEncoding = 4; lastKnownFileType = sourcecode.c.objc; name = VSOPlayViewController.m; path = Classes/VSOPlayViewController.m; sourceTree = "<group>"; };
		289233AC0DB2D0DB0083E9F9 /* VSOSettingsViewController.h */ = {isa = PBXFileReference; fileEncoding = 4; lastKnownFileType = sourcecode.c.h; name = VSOSettingsViewController.h; path = Classes/VSOSettingsViewController.h; sourceTree = "<group>"; };
		289233AD0DB2D0DB0083E9F9 /* VSOSettingsViewController.m */ = {isa = PBXFileReference; fileEncoding = 4; lastKnownFileType = sourcecode.c.objc; name = VSOSettingsViewController.m; path = Classes/VSOSettingsViewController.m; sourceTree = "<group>"; };
		29B97316FDCFA39411CA2CEA /* main.m */ = {isa = PBXFileReference; fileEncoding = 4; lastKnownFileType = sourcecode.c.objc; path = main.m; sourceTree = "<group>"; };
		32CA4F630368D1EE00C91783 /* GPS_Body_Paint_Prefix.pch */ = {isa = PBXFileReference; fileEncoding = 4; lastKnownFileType = sourcecode.c.h; path = GPS_Body_Paint_Prefix.pch; sourceTree = "<group>"; };
		8D1107310486CEB800E47090 /* GPS_Body_Paint-Info.plist */ = {isa = PBXFileReference; fileEncoding = 4; lastKnownFileType = text.plist.xml; path = "GPS_Body_Paint-Info.plist"; plistStructureDefinitionIdentifier = "com.apple.xcode.plist.structure-definition.iphone.info-plist"; sourceTree = "<group>"; };
/* End PBXFileReference section */

/* Begin PBXFrameworksBuildPhase section */
		1D60588F0D05DD3D006BFB54 /* Frameworks */ = {
			isa = PBXFrameworksBuildPhase;
			buildActionMask = 2147483647;
			files = (
				1D60589F0D05DD5A006BFB54 /* Foundation.framework in Frameworks */,
				1DF5F4E00D08C38300B7A737 /* UIKit.framework in Frameworks */,
				288765590DF743DE002DB57D /* CoreGraphics.framework in Frameworks */,
				0FD8DB94100DCCC800C076DB /* MapKit.framework in Frameworks */,
				0FD8DC83100DDB0300C076DB /* CoreLocation.framework in Frameworks */,
				0FC06FB5100E33F700B0D157 /* QuartzCore.framework in Frameworks */,
			);
			runOnlyForDeploymentPostprocessing = 0;
		};
/* End PBXFrameworksBuildPhase section */

/* Begin PBXGroup section */
		080E96DDFE201D6D7F000001 /* Application Delegate */ = {
			isa = PBXGroup;
			children = (
				1D3623240D0F684500981E51 /* GPSBodyPaintAppDelegate.h */,
				1D3623250D0F684500981E51 /* GPSBodyPaintAppDelegate.m */,
			);
			name = "Application Delegate";
			path = Classes;
			sourceTree = "<group>";
		};
		19C28FACFE9D520D11CA2CBB /* Products */ = {
			isa = PBXGroup;
			children = (
				1D6058910D05DD3D006BFB54 /* GPS Body Paint.app */,
			);
			name = Products;
			sourceTree = "<group>";
		};
		281C6CD70DB2D82200F60ACC /* Settings View */ = {
			isa = PBXGroup;
			children = (
				0F7E117410185013000D35AF /* VSOShapeView.h */,
				0F7E117510185013000D35AF /* VSOShapeView.m */,
				0FD1BB0C100F2C7900000185 /* VSOSettings.h */,
				0FD1BB0D100F2C7900000185 /* VSOSettings.m */,
				289233A20DB2D0840083E9F9 /* VSOSettingsView.h */,
				289233A30DB2D0840083E9F9 /* VSOSettingsView.m */,
				289233AC0DB2D0DB0083E9F9 /* VSOSettingsViewController.h */,
				289233AD0DB2D0DB0083E9F9 /* VSOSettingsViewController.m */,
			);
			name = "Settings View";
			sourceTree = "<group>";
		};
		289233A00DB2D0730083E9F9 /* Play View */ = {
			isa = PBXGroup;
			children = (
				0F9495601014716E00717D5A /* VSOGameShape.h */,
				0F9495611014716E00717D5A /* VSOGameShape.m */,
				289233A40DB2D0840083E9F9 /* VSOPlayView.h */,
				289233A50DB2D0840083E9F9 /* VSOPlayView.m */,
				289233A80DB2D0DB0083E9F9 /* VSOPlayViewController.h */,
				289233A90DB2D0DB0083E9F9 /* VSOPlayViewController.m */,
				0FD8DBD7100DD06E00C076DB /* VSOGridAnnotationView.h */,
				0FD8DBD8100DD06E00C076DB /* VSOGridAnnotationView.m */,
				0FD1BB31100F31FB00000185 /* VSOGameProgress.h */,
				0FD1BB32100F31FB00000185 /* VSOGameProgress.m */,
				0FCF4825101A016C005E5F41 /* VSOSendScoresViewCtrl.h */,
				0FCF4826101A016C005E5F41 /* VSOSendScoresViewCtrl.m */,
				0F7BBE92101EEC5A00F4EF59 /* VSOMapView.h */,
				0F7BBE93101EEC5A00F4EF59 /* VSOMapView.m */,
			);
			name = "Play View";
			sourceTree = "<group>";
		};
		29B97314FDCFA39411CA2CEA /* CustomTemplate */ = {
			isa = PBXGroup;
			children = (
				0FCDE41110160CD7001D5E65 /* Ideas.rtf */,
				0F577F8710207B7C00067838 /* Geocade.pdf */,
				0FCF47581019E2D0005E5F41 /* Settings.bundle */,
				289233A00DB2D0730083E9F9 /* Play View */,
				281C6CD70DB2D82200F60ACC /* Settings View */,
				080E96DDFE201D6D7F000001 /* Application Delegate */,
				29B97315FDCFA39411CA2CEA /* Other Sources */,
				29B97317FDCFA39411CA2CEA /* Resources */,
				29B97323FDCFA39411CA2CEA /* Frameworks */,
				19C28FACFE9D520D11CA2CBB /* Products */,
			);
			name = CustomTemplate;
			sourceTree = "<group>";
		};
		29B97315FDCFA39411CA2CEA /* Other Sources */ = {
			isa = PBXGroup;
			children = (
				32CA4F630368D1EE00C91783 /* GPS_Body_Paint_Prefix.pch */,
				29B97316FDCFA39411CA2CEA /* main.m */,
				0FD1BBCE100F374800000185 /* VSOUtils.h */,
				0FD1BBCF100F374800000185 /* VSOUtils.c */,
				0F73F3F71010C4290004C707 /* Constants.h */,
			);
			name = "Other Sources";
			sourceTree = "<group>";
		};
		29B97317FDCFA39411CA2CEA /* Resources */ = {
			isa = PBXGroup;
			children = (
				0F62E5CB103EC86F00D62CB2 /* Default.png */,
				0F802BE3101D9CC300824E9B /* center_to_cur_ul.png */,
				0FD0770D101F1F5F00D9AF11 /* VSOSendScoresView.xib */,
				0FCF481A1019FEB1005E5F41 /* Icon-Settings.png */,
				0FCF48171019FE79005E5F41 /* Icon-Small.png */,
				0FCF480E1019FA84005E5F41 /* icon.png */,
				0F062653101899DB004DAB6E /* Red Arrow Down.png */,
				0F062654101899DB004DAB6E /* Red Arrow Left.png */,
				0F062655101899DB004DAB6E /* Red Arrow Right.png */,
				0F062650101897AC004DAB6E /* Red Arrow Up.png */,
				0FD07709101F1F5F00D9AF11 /* VSOPlayingModeView.xib */,
				0FD07707101F1F5F00D9AF11 /* VSOLevelSizeView.xib */,
				0FD07705101F1F5F00D9AF11 /* VSOLevelDifficultyView.xib */,
				0FD07703101F1F5F00D9AF11 /* VSOChallengeShapeView.xib */,
				0FD076D6101F19C900D9AF11 /* Localizable.strings */,
				0FD0770F101F1F5F00D9AF11 /* VSOSettingsView.xib */,
				0FD0770B101F1F5F00D9AF11 /* VSOPlayView.xib */,
				0FD07701101F1F5F00D9AF11 /* MainWindow.xib */,
				8D1107310486CEB800E47090 /* GPS_Body_Paint-Info.plist */,
			);
			name = Resources;
			sourceTree = "<group>";
		};
		29B97323FDCFA39411CA2CEA /* Frameworks */ = {
			isa = PBXGroup;
			children = (
				0FC06FB4100E33F700B0D157 /* QuartzCore.framework */,
				0FD8DC82100DDB0300C076DB /* CoreLocation.framework */,
				0FD8DB93100DCCC800C076DB /* MapKit.framework */,
				1DF5F4DF0D08C38300B7A737 /* UIKit.framework */,
				1D30AB110D05D00D00671497 /* Foundation.framework */,
				288765580DF743DE002DB57D /* CoreGraphics.framework */,
			);
			name = Frameworks;
			sourceTree = "<group>";
		};
/* End PBXGroup section */

/* Begin PBXNativeTarget section */
		1D6058900D05DD3D006BFB54 /* GPS Body Paint */ = {
			isa = PBXNativeTarget;
			buildConfigurationList = 1D6058960D05DD3E006BFB54 /* Build configuration list for PBXNativeTarget "GPS Body Paint" */;
			buildPhases = (
				1D60588D0D05DD3D006BFB54 /* Resources */,
				1D60588E0D05DD3D006BFB54 /* Sources */,
				1D60588F0D05DD3D006BFB54 /* Frameworks */,
			);
			buildRules = (
			);
			dependencies = (
			);
			name = "GPS Body Paint";
			productName = "Jeux iPhone";
			productReference = 1D6058910D05DD3D006BFB54 /* GPS Body Paint.app */;
			productType = "com.apple.product-type.application";
		};
/* End PBXNativeTarget section */

/* Begin PBXProject section */
		29B97313FDCFA39411CA2CEA /* Project object */ = {
			isa = PBXProject;
			buildConfigurationList = C01FCF4E08A954540054247B /* Build configuration list for PBXProject "GPS Body Paint" */;
			compatibilityVersion = "Xcode 3.1";
			hasScannedForEncodings = 1;
			knownRegions = (
				English,
				Japanese,
				French,
				German,
				en,
			);
			mainGroup = 29B97314FDCFA39411CA2CEA /* CustomTemplate */;
			projectDirPath = "";
			projectRoot = "";
			targets = (
				1D6058900D05DD3D006BFB54 /* GPS Body Paint */,
			);
		};
/* End PBXProject section */

/* Begin PBXResourcesBuildPhase section */
		1D60588D0D05DD3D006BFB54 /* Resources */ = {
			isa = PBXResourcesBuildPhase;
			buildActionMask = 2147483647;
			files = (
				0FD07710101F1F5F00D9AF11 /* VSOSettingsView.xib in Resources */,
				0FD0770C101F1F5F00D9AF11 /* VSOPlayView.xib in Resources */,
				0FD07702101F1F5F00D9AF11 /* MainWindow.xib in Resources */,
				0FD076D7101F19C900D9AF11 /* Localizable.strings in Resources */,
				0FD07704101F1F5F00D9AF11 /* VSOChallengeShapeView.xib in Resources */,
				0FD07706101F1F5F00D9AF11 /* VSOLevelDifficultyView.xib in Resources */,
				0FD07708101F1F5F00D9AF11 /* VSOLevelSizeView.xib in Resources */,
				0FD0770A101F1F5F00D9AF11 /* VSOPlayingModeView.xib in Resources */,
				0F062651101897AC004DAB6E /* Red Arrow Up.png in Resources */,
				0F062656101899DB004DAB6E /* Red Arrow Down.png in Resources */,
				0F062657101899DB004DAB6E /* Red Arrow Left.png in Resources */,
				0F062658101899DB004DAB6E /* Red Arrow Right.png in Resources */,
				0FCF47591019E2D0005E5F41 /* Settings.bundle in Resources */,
				0FCF480F1019FA84005E5F41 /* icon.png in Resources */,
				0FCF48181019FE79005E5F41 /* Icon-Small.png in Resources */,
				0FCF481B1019FEB1005E5F41 /* Icon-Settings.png in Resources */,
				0FD0770E101F1F5F00D9AF11 /* VSOSendScoresView.xib in Resources */,
				0F802BE4101D9CC300824E9B /* center_to_cur_ul.png in Resources */,
				0F62E5CD103EC86F00D62CB2 /* Default.png in Resources */,
			);
			runOnlyForDeploymentPostprocessing = 0;
		};
/* End PBXResourcesBuildPhase section */

/* Begin PBXSourcesBuildPhase section */
		1D60588E0D05DD3D006BFB54 /* Sources */ = {
			isa = PBXSourcesBuildPhase;
			buildActionMask = 2147483647;
			files = (
				1D60589B0D05DD56006BFB54 /* main.m in Sources */,
				1D3623260D0F684500981E51 /* GPSBodyPaintAppDelegate.m in Sources */,
				289233A60DB2D0840083E9F9 /* VSOSettingsView.m in Sources */,
				289233A70DB2D0840083E9F9 /* VSOPlayView.m in Sources */,
				289233AE0DB2D0DB0083E9F9 /* VSOPlayViewController.m in Sources */,
				289233B00DB2D0DB0083E9F9 /* VSOSettingsViewController.m in Sources */,
				0FD8DBD9100DD06E00C076DB /* VSOGridAnnotationView.m in Sources */,
				0FD1BB0E100F2C7900000185 /* VSOSettings.m in Sources */,
				0FD1BB33100F31FB00000185 /* VSOGameProgress.m in Sources */,
				0FD1BBD0100F374800000185 /* VSOUtils.c in Sources */,
				0F9495621014716E00717D5A /* VSOGameShape.m in Sources */,
				0F7E117610185013000D35AF /* VSOShapeView.m in Sources */,
				0FCF4828101A016C005E5F41 /* VSOSendScoresViewCtrl.m in Sources */,
				0F7BBE94101EEC5A00F4EF59 /* VSOMapView.m in Sources */,
			);
			runOnlyForDeploymentPostprocessing = 0;
		};
/* End PBXSourcesBuildPhase section */

/* Begin PBXVariantGroup section */
		0F62E5CB103EC86F00D62CB2 /* Default.png */ = {
			isa = PBXVariantGroup;
			children = (
				0F62E5CC103EC86F00D62CB2 /* English */,
				0F62E5CE103EC87600D62CB2 /* French */,
			);
			name = Default.png;
			sourceTree = "<group>";
		};
		0FD076D6101F19C900D9AF11 /* Localizable.strings */ = {
			isa = PBXVariantGroup;
			children = (
				0FD1BC79100F47D200000185 /* English */,
				0FD076D8101F19EB00D9AF11 /* French */,
			);
			name = Localizable.strings;
			sourceTree = "<group>";
		};
		0FD07701101F1F5F00D9AF11 /* MainWindow.xib */ = {
			isa = PBXVariantGroup;
			children = (
				280E754C0DD40C5E005A515E /* English */,
				0FD07711101F1F7700D9AF11 /* French */,
			);
			name = MainWindow.xib;
			sourceTree = "<group>";
		};
		0FD07703101F1F5F00D9AF11 /* VSOChallengeShapeView.xib */ = {
			isa = PBXVariantGroup;
			children = (
				0F73F0F71010A3FE0004C707 /* English */,
				0FD07712101F1F7700D9AF11 /* French */,
			);
			name = VSOChallengeShapeView.xib;
			sourceTree = "<group>";
		};
		0FD07705101F1F5F00D9AF11 /* VSOLevelDifficultyView.xib */ = {
			isa = PBXVariantGroup;
			children = (
				0F73F2BD1010B12F0004C707 /* English */,
				0FD07713101F1F7700D9AF11 /* French */,
			);
			name = VSOLevelDifficultyView.xib;
			sourceTree = "<group>";
		};
		0FD07707101F1F5F00D9AF11 /* VSOLevelSizeView.xib */ = {
			isa = PBXVariantGroup;
			children = (
				0F73F3381010B7410004C707 /* English */,
				0FD07714101F1F7700D9AF11 /* French */,
			);
			name = VSOLevelSizeView.xib;
			sourceTree = "<group>";
		};
		0FD07709101F1F5F00D9AF11 /* VSOPlayingModeView.xib */ = {
			isa = PBXVariantGroup;
			children = (
				0F73F3431010B7EC0004C707 /* English */,
				0FD07715101F1F7700D9AF11 /* French */,
			);
			name = VSOPlayingModeView.xib;
			sourceTree = "<group>";
		};
		0FD0770B101F1F5F00D9AF11 /* VSOPlayView.xib */ = {
			isa = PBXVariantGroup;
			children = (
				280E754B0DD40C5E005A515E /* English */,
				0FD07716101F1F7700D9AF11 /* French */,
			);
			name = VSOPlayView.xib;
			sourceTree = "<group>";
		};
		0FD0770D101F1F5F00D9AF11 /* VSOSendScoresView.xib */ = {
			isa = PBXVariantGroup;
			children = (
				0FCF4827101A016C005E5F41 /* English */,
				0FD07717101F1F7700D9AF11 /* French */,
			);
			name = VSOSendScoresView.xib;
			sourceTree = "<group>";
		};
		0FD0770F101F1F5F00D9AF11 /* VSOSettingsView.xib */ = {
			isa = PBXVariantGroup;
			children = (
				280E754A0DD40C5E005A515E /* English */,
				0FD07718101F1F7700D9AF11 /* French */,
			);
			name = VSOSettingsView.xib;
			sourceTree = "<group>";
		};
/* End PBXVariantGroup section */

/* Begin XCBuildConfiguration section */
		0FD076BF101F162000D9AF11 /* Distribution */ = {
			isa = XCBuildConfiguration;
			buildSettings = {
				ARCHS = "$(ARCHS_STANDARD_32_BIT)";
				CODE_SIGN_IDENTITY = "";
				"CODE_SIGN_IDENTITY[sdk=iphoneos*]" = "iPhone Distribution: VSO-SOFTWARE";
				GCC_C_LANGUAGE_STANDARD = c99;
				GCC_PREPROCESSOR_DEFINITIONS = (
					NDEBUG,
					DISTRIBUTION,
				);
				GCC_WARN_ABOUT_RETURN_TYPE = YES;
				GCC_WARN_UNUSED_VARIABLE = YES;
				PREBINDING = NO;
				PROVISIONING_PROFILE = "";
				"PROVISIONING_PROFILE[sdk=iphoneos*]" = "5D15C29A-125C-49BB-ABF5-1BF9A2CD0A67";
				SDKROOT = iphoneos3.0;
			};
			name = Distribution;
		};
		0FD076C0101F162000D9AF11 /* Distribution */ = {
			isa = XCBuildConfiguration;
			buildSettings = {
				ALWAYS_SEARCH_USER_PATHS = NO;
				COPY_PHASE_STRIP = YES;
				GCC_PRECOMPILE_PREFIX_HEADER = YES;
				GCC_PREFIX_HEADER = GPS_Body_Paint_Prefix.pch;
				INFOPLIST_FILE = "GPS_Body_Paint-Info.plist";
				PRODUCT_NAME = "GPS Body Paint";
			};
			name = Distribution;
		};
		1D6058940D05DD3E006BFB54 /* Debug */ = {
			isa = XCBuildConfiguration;
			buildSettings = {
				ALWAYS_SEARCH_USER_PATHS = NO;
				COPY_PHASE_STRIP = NO;
				GCC_DYNAMIC_NO_PIC = NO;
				GCC_OPTIMIZATION_LEVEL = 0;
				GCC_PRECOMPILE_PREFIX_HEADER = YES;
				GCC_PREFIX_HEADER = GPS_Body_Paint_Prefix.pch;
				INFOPLIST_FILE = "GPS_Body_Paint-Info.plist";
				PRODUCT_NAME = "GPS Body Paint";
			};
			name = Debug;
		};
		1D6058950D05DD3E006BFB54 /* Release */ = {
			isa = XCBuildConfiguration;
			buildSettings = {
				ALWAYS_SEARCH_USER_PATHS = NO;
				COPY_PHASE_STRIP = YES;
				GCC_PRECOMPILE_PREFIX_HEADER = YES;
				GCC_PREFIX_HEADER = GPS_Body_Paint_Prefix.pch;
				INFOPLIST_FILE = "GPS_Body_Paint-Info.plist";
				PRODUCT_NAME = "GPS Body Paint";
			};
			name = Release;
		};
		C01FCF4F08A954540054247B /* Debug */ = {
			isa = XCBuildConfiguration;
			buildSettings = {
				ARCHS = "$(ARCHS_STANDARD_32_BIT)";
				CODE_SIGN_IDENTITY = "";
				"CODE_SIGN_IDENTITY[sdk=iphoneos*]" = "iPhone Developer";
				GCC_C_LANGUAGE_STANDARD = c99;
				GCC_WARN_ABOUT_RETURN_TYPE = YES;
				GCC_WARN_UNUSED_VARIABLE = YES;
				PREBINDING = NO;
				SDKROOT = iphoneos3.0;
			};
			name = Debug;
		};
		C01FCF5008A954540054247B /* Release */ = {
			isa = XCBuildConfiguration;
			buildSettings = {
				ARCHS = "$(ARCHS_STANDARD_32_BIT)";
				CODE_SIGN_IDENTITY = "";
				"CODE_SIGN_IDENTITY[sdk=iphoneos*]" = "iPhone Developer";
				GCC_C_LANGUAGE_STANDARD = c99;
				GCC_PREPROCESSOR_DEFINITIONS = NDEBUG;
				GCC_WARN_ABOUT_RETURN_TYPE = YES;
				GCC_WARN_UNUSED_VARIABLE = YES;
				PREBINDING = NO;
				PROVISIONING_PROFILE = "";
				SDKROOT = iphoneos3.0;
			};
			name = Release;
		};
/* End XCBuildConfiguration section */

/* Begin XCConfigurationList section */
		1D6058960D05DD3E006BFB54 /* Build configuration list for PBXNativeTarget "GPS Body Paint" */ = {
			isa = XCConfigurationList;
			buildConfigurations = (
				1D6058940D05DD3E006BFB54 /* Debug */,
				1D6058950D05DD3E006BFB54 /* Release */,
				0FD076C0101F162000D9AF11 /* Distribution */,
			);
			defaultConfigurationIsVisible = 0;
			defaultConfigurationName = Release;
		};
		C01FCF4E08A954540054247B /* Build configuration list for PBXProject "GPS Body Paint" */ = {
			isa = XCConfigurationList;
			buildConfigurations = (
				C01FCF4F08A954540054247B /* Debug */,
				C01FCF5008A954540054247B /* Release */,
				0FD076BF101F162000D9AF11 /* Distribution */,
			);
			defaultConfigurationIsVisible = 0;
			defaultConfigurationName = Release;
		};
/* End XCConfigurationList section */
	};
	rootObject = 29B97313FDCFA39411CA2CEA /* Project object */;
}
