// !$*UTF8*$!
{
	archiveVersion = 1;
	classes = {
	};
	objectVersion = 48;
	objects = {

/* Begin PBXBuildFile section */
		0F7BBE94101EEC5A00F4EF59 /* VSOMapView.m in Sources */ = {isa = PBXBuildFile; fileRef = 0F7BBE93101EEC5A00F4EF59 /* VSOMapView.m */; };
		0F7E117610185013000D35AF /* VSOShapeView.m in Sources */ = {isa = PBXBuildFile; fileRef = 0F7E117510185013000D35AF /* VSOShapeView.m */; };
		0F9495621014716E00717D5A /* VSOGameShape.m in Sources */ = {isa = PBXBuildFile; fileRef = 0F9495611014716E00717D5A /* VSOGameShape.m */; };
		0FC06FB5100E33F700B0D157 /* QuartzCore.framework in Frameworks */ = {isa = PBXBuildFile; fileRef = 0FC06FB4100E33F700B0D157 /* QuartzCore.framework */; };
		0FCF47591019E2D0005E5F41 /* Settings.bundle in Resources */ = {isa = PBXBuildFile; fileRef = 0FCF47581019E2D0005E5F41 /* Settings.bundle */; };
		0FCF4828101A016C005E5F41 /* VSOSendScoresViewCtrl.m in Sources */ = {isa = PBXBuildFile; fileRef = 0FCF4826101A016C005E5F41 /* VSOSendScoresViewCtrl.m */; };
		0FD076D7101F19C900D9AF11 /* Localizable.strings in Resources */ = {isa = PBXBuildFile; fileRef = 0FD076D6101F19C900D9AF11 /* Localizable.strings */; };
		0FD0770C101F1F5F00D9AF11 /* VSOPlayView.xib in Resources */ = {isa = PBXBuildFile; fileRef = 0FD0770B101F1F5F00D9AF11 /* VSOPlayView.xib */; };
		0FD0770E101F1F5F00D9AF11 /* VSOSendScoresView.xib in Resources */ = {isa = PBXBuildFile; fileRef = 0FD0770D101F1F5F00D9AF11 /* VSOSendScoresView.xib */; };
		0FD1BB0E100F2C7900000185 /* VSOSettings.m in Sources */ = {isa = PBXBuildFile; fileRef = 0FD1BB0D100F2C7900000185 /* VSOSettings.m */; };
		0FD1BB33100F31FB00000185 /* VSOGameProgress.m in Sources */ = {isa = PBXBuildFile; fileRef = 0FD1BB32100F31FB00000185 /* VSOGameProgress.m */; };
		0FD1BBD0100F374800000185 /* VSOUtils.c in Sources */ = {isa = PBXBuildFile; fileRef = 0FD1BBCF100F374800000185 /* VSOUtils.c */; };
		0FD8DB94100DCCC800C076DB /* MapKit.framework in Frameworks */ = {isa = PBXBuildFile; fileRef = 0FD8DB93100DCCC800C076DB /* MapKit.framework */; };
		0FD8DBD9100DD06E00C076DB /* VSOGridAnnotationView.m in Sources */ = {isa = PBXBuildFile; fileRef = 0FD8DBD8100DD06E00C076DB /* VSOGridAnnotationView.m */; };
		0FD8DC83100DDB0300C076DB /* CoreLocation.framework in Frameworks */ = {isa = PBXBuildFile; fileRef = 0FD8DC82100DDB0300C076DB /* CoreLocation.framework */; };
		1D3623260D0F684500981E51 /* GPSBodyPaintAppDelegate.m in Sources */ = {isa = PBXBuildFile; fileRef = 1D3623250D0F684500981E51 /* GPSBodyPaintAppDelegate.m */; };
		1D60589B0D05DD56006BFB54 /* main.m in Sources */ = {isa = PBXBuildFile; fileRef = 29B97316FDCFA39411CA2CEA /* main.m */; };
		1D60589F0D05DD5A006BFB54 /* Foundation.framework in Frameworks */ = {isa = PBXBuildFile; fileRef = 1D30AB110D05D00D00671497 /* Foundation.framework */; };
		1DF5F4E00D08C38300B7A737 /* UIKit.framework in Frameworks */ = {isa = PBXBuildFile; fileRef = 1DF5F4DF0D08C38300B7A737 /* UIKit.framework */; };
		288765590DF743DE002DB57D /* CoreGraphics.framework in Frameworks */ = {isa = PBXBuildFile; fileRef = 288765580DF743DE002DB57D /* CoreGraphics.framework */; };
		289233A70DB2D0840083E9F9 /* VSOPlayView.m in Sources */ = {isa = PBXBuildFile; fileRef = 289233A50DB2D0840083E9F9 /* VSOPlayView.m */; };
		289233AE0DB2D0DB0083E9F9 /* VSOPlayViewController.m in Sources */ = {isa = PBXBuildFile; fileRef = 289233A90DB2D0DB0083E9F9 /* VSOPlayViewController.m */; };
		289233B00DB2D0DB0083E9F9 /* VSOSettingsViewController.m in Sources */ = {isa = PBXBuildFile; fileRef = 289233AD0DB2D0DB0083E9F9 /* VSOSettingsViewController.m */; };
		7B395E5D1D856A2800941445 /* LaunchScreen.storyboard in Resources */ = {isa = PBXBuildFile; fileRef = 7B395E5C1D856A2800941445 /* LaunchScreen.storyboard */; };
		7B395E5E1D856A4500941445 /* Main.storyboard in Resources */ = {isa = PBXBuildFile; fileRef = 7B395E601D856A4500941445 /* Main.storyboard */; };
		7B3ECD4C1D84DFAB00DFEB0D /* InfoPlist.strings in Resources */ = {isa = PBXBuildFile; fileRef = 7B3ECD4E1D84DFAB00DFEB0D /* InfoPlist.strings */; };
		7BB0EA621D856B110057BFA2 /* Assets.xcassets in Resources */ = {isa = PBXBuildFile; fileRef = 7BB0EA611D856B110057BFA2 /* Assets.xcassets */; };
		7BB0EA651D858CAC0057BFA2 /* VSOLevelSizeViewController.m in Sources */ = {isa = PBXBuildFile; fileRef = 7BB0EA641D858CAC0057BFA2 /* VSOLevelSizeViewController.m */; };
		7BB0EA681D8590AA0057BFA2 /* VSOLevelDifficultyViewController.m in Sources */ = {isa = PBXBuildFile; fileRef = 7BB0EA671D8590AA0057BFA2 /* VSOLevelDifficultyViewController.m */; };
		7BB0EA6B1D8593E80057BFA2 /* VSOChallengeShapeViewController.m in Sources */ = {isa = PBXBuildFile; fileRef = 7BB0EA6A1D8593E80057BFA2 /* VSOChallengeShapeViewController.m */; };
		7BB0EA6E1D8596190057BFA2 /* VSOPlayingModeViewController.m in Sources */ = {isa = PBXBuildFile; fileRef = 7BB0EA6D1D8596190057BFA2 /* VSOPlayingModeViewController.m */; };
/* End PBXBuildFile section */

/* Begin PBXFileReference section */
		0F577F8710207B7C00067838 /* Geocade.pdf */ = {isa = PBXFileReference; lastKnownFileType = image.pdf; path = Geocade.pdf; sourceTree = "<group>"; };
		0F73F3F71010C4290004C707 /* Constants.h */ = {isa = PBXFileReference; fileEncoding = 4; lastKnownFileType = sourcecode.c.h; path = Constants.h; sourceTree = "<group>"; };
		0F7BBE92101EEC5A00F4EF59 /* VSOMapView.h */ = {isa = PBXFileReference; fileEncoding = 4; lastKnownFileType = sourcecode.c.h; path = VSOMapView.h; sourceTree = "<group>"; };
		0F7BBE93101EEC5A00F4EF59 /* VSOMapView.m */ = {isa = PBXFileReference; fileEncoding = 4; lastKnownFileType = sourcecode.c.objc; path = VSOMapView.m; sourceTree = "<group>"; };
		0F7E117410185013000D35AF /* VSOShapeView.h */ = {isa = PBXFileReference; fileEncoding = 4; lastKnownFileType = sourcecode.c.h; path = VSOShapeView.h; sourceTree = "<group>"; };
		0F7E117510185013000D35AF /* VSOShapeView.m */ = {isa = PBXFileReference; fileEncoding = 4; lastKnownFileType = sourcecode.c.objc; path = VSOShapeView.m; sourceTree = "<group>"; };
		0F9495601014716E00717D5A /* VSOGameShape.h */ = {isa = PBXFileReference; fileEncoding = 4; lastKnownFileType = sourcecode.c.h; path = VSOGameShape.h; sourceTree = "<group>"; };
		0F9495611014716E00717D5A /* VSOGameShape.m */ = {isa = PBXFileReference; fileEncoding = 4; lastKnownFileType = sourcecode.c.objc; path = VSOGameShape.m; sourceTree = "<group>"; };
		0FC06FB4100E33F700B0D157 /* QuartzCore.framework */ = {isa = PBXFileReference; lastKnownFileType = wrapper.framework; name = QuartzCore.framework; path = System/Library/Frameworks/QuartzCore.framework; sourceTree = SDKROOT; };
		0FCDE41110160CD7001D5E65 /* Notes.rtf */ = {isa = PBXFileReference; lastKnownFileType = text.rtf; path = Notes.rtf; sourceTree = "<group>"; };
		0FCF47581019E2D0005E5F41 /* Settings.bundle */ = {isa = PBXFileReference; lastKnownFileType = "wrapper.plug-in"; path = Settings.bundle; sourceTree = "<group>"; };
		0FCF4825101A016C005E5F41 /* VSOSendScoresViewCtrl.h */ = {isa = PBXFileReference; fileEncoding = 4; lastKnownFileType = sourcecode.c.h; path = VSOSendScoresViewCtrl.h; sourceTree = "<group>"; };
		0FCF4826101A016C005E5F41 /* VSOSendScoresViewCtrl.m */ = {isa = PBXFileReference; fileEncoding = 4; lastKnownFileType = sourcecode.c.objc; path = VSOSendScoresViewCtrl.m; sourceTree = "<group>"; };
		0FD076D8101F19EB00D9AF11 /* French */ = {isa = PBXFileReference; lastKnownFileType = text.plist.strings; name = French; path = fr.lproj/Localizable.strings; sourceTree = "<group>"; };
		0FD1BB0C100F2C7900000185 /* VSOSettings.h */ = {isa = PBXFileReference; fileEncoding = 4; lastKnownFileType = sourcecode.c.h; path = VSOSettings.h; sourceTree = "<group>"; };
		0FD1BB0D100F2C7900000185 /* VSOSettings.m */ = {isa = PBXFileReference; fileEncoding = 4; lastKnownFileType = sourcecode.c.objc; path = VSOSettings.m; sourceTree = "<group>"; };
		0FD1BB31100F31FB00000185 /* VSOGameProgress.h */ = {isa = PBXFileReference; fileEncoding = 4; lastKnownFileType = sourcecode.c.h; path = VSOGameProgress.h; sourceTree = "<group>"; };
		0FD1BB32100F31FB00000185 /* VSOGameProgress.m */ = {isa = PBXFileReference; fileEncoding = 4; lastKnownFileType = sourcecode.c.objc; path = VSOGameProgress.m; sourceTree = "<group>"; };
		0FD1BBCE100F374800000185 /* VSOUtils.h */ = {isa = PBXFileReference; fileEncoding = 4; lastKnownFileType = sourcecode.c.h; path = VSOUtils.h; sourceTree = "<group>"; };
		0FD1BBCF100F374800000185 /* VSOUtils.c */ = {isa = PBXFileReference; fileEncoding = 4; lastKnownFileType = sourcecode.c.c; path = VSOUtils.c; sourceTree = "<group>"; };
		0FD8DB93100DCCC800C076DB /* MapKit.framework */ = {isa = PBXFileReference; lastKnownFileType = wrapper.framework; name = MapKit.framework; path = System/Library/Frameworks/MapKit.framework; sourceTree = SDKROOT; };
		0FD8DBD7100DD06E00C076DB /* VSOGridAnnotationView.h */ = {isa = PBXFileReference; fileEncoding = 4; lastKnownFileType = sourcecode.c.h; path = VSOGridAnnotationView.h; sourceTree = "<group>"; };
		0FD8DBD8100DD06E00C076DB /* VSOGridAnnotationView.m */ = {isa = PBXFileReference; fileEncoding = 4; lastKnownFileType = sourcecode.c.objc; path = VSOGridAnnotationView.m; sourceTree = "<group>"; };
		0FD8DC82100DDB0300C076DB /* CoreLocation.framework */ = {isa = PBXFileReference; lastKnownFileType = wrapper.framework; name = CoreLocation.framework; path = System/Library/Frameworks/CoreLocation.framework; sourceTree = SDKROOT; };
		1D30AB110D05D00D00671497 /* Foundation.framework */ = {isa = PBXFileReference; lastKnownFileType = wrapper.framework; name = Foundation.framework; path = System/Library/Frameworks/Foundation.framework; sourceTree = SDKROOT; };
		1D3623240D0F684500981E51 /* GPSBodyPaintAppDelegate.h */ = {isa = PBXFileReference; fileEncoding = 4; lastKnownFileType = sourcecode.c.h; path = GPSBodyPaintAppDelegate.h; sourceTree = "<group>"; };
		1D3623250D0F684500981E51 /* GPSBodyPaintAppDelegate.m */ = {isa = PBXFileReference; fileEncoding = 4; lastKnownFileType = sourcecode.c.objc; path = GPSBodyPaintAppDelegate.m; sourceTree = "<group>"; };
		1D6058910D05DD3D006BFB54 /* GPS Body Paint.app */ = {isa = PBXFileReference; explicitFileType = wrapper.application; includeInIndex = 0; path = "GPS Body Paint.app"; sourceTree = BUILT_PRODUCTS_DIR; };
		1DF5F4DF0D08C38300B7A737 /* UIKit.framework */ = {isa = PBXFileReference; lastKnownFileType = wrapper.framework; name = UIKit.framework; path = System/Library/Frameworks/UIKit.framework; sourceTree = SDKROOT; };
		288765580DF743DE002DB57D /* CoreGraphics.framework */ = {isa = PBXFileReference; lastKnownFileType = wrapper.framework; name = CoreGraphics.framework; path = System/Library/Frameworks/CoreGraphics.framework; sourceTree = SDKROOT; };
		289233A40DB2D0840083E9F9 /* VSOPlayView.h */ = {isa = PBXFileReference; fileEncoding = 4; lastKnownFileType = sourcecode.c.h; name = VSOPlayView.h; path = Classes/VSOPlayView.h; sourceTree = "<group>"; };
		289233A50DB2D0840083E9F9 /* VSOPlayView.m */ = {isa = PBXFileReference; fileEncoding = 4; lastKnownFileType = sourcecode.c.objc; name = VSOPlayView.m; path = Classes/VSOPlayView.m; sourceTree = "<group>"; };
		289233A80DB2D0DB0083E9F9 /* VSOPlayViewController.h */ = {isa = PBXFileReference; fileEncoding = 4; lastKnownFileType = sourcecode.c.h; name = VSOPlayViewController.h; path = Classes/VSOPlayViewController.h; sourceTree = "<group>"; };
		289233A90DB2D0DB0083E9F9 /* VSOPlayViewController.m */ = {isa = PBXFileReference; fileEncoding = 4; lastKnownFileType = sourcecode.c.objc; name = VSOPlayViewController.m; path = Classes/VSOPlayViewController.m; sourceTree = "<group>"; };
		289233AC0DB2D0DB0083E9F9 /* VSOSettingsViewController.h */ = {isa = PBXFileReference; fileEncoding = 4; lastKnownFileType = sourcecode.c.h; name = VSOSettingsViewController.h; path = Classes/VSOSettingsViewController.h; sourceTree = "<group>"; };
		289233AD0DB2D0DB0083E9F9 /* VSOSettingsViewController.m */ = {isa = PBXFileReference; fileEncoding = 4; lastKnownFileType = sourcecode.c.objc; name = VSOSettingsViewController.m; path = Classes/VSOSettingsViewController.m; sourceTree = "<group>"; };
		29B97316FDCFA39411CA2CEA /* main.m */ = {isa = PBXFileReference; fileEncoding = 4; lastKnownFileType = sourcecode.c.objc; path = main.m; sourceTree = "<group>"; };
		32CA4F630368D1EE00C91783 /* GPS_Body_Paint_Prefix.pch */ = {isa = PBXFileReference; fileEncoding = 4; lastKnownFileType = sourcecode.c.h; path = GPS_Body_Paint_Prefix.pch; sourceTree = "<group>"; };
		7B395E5C1D856A2800941445 /* LaunchScreen.storyboard */ = {isa = PBXFileReference; fileEncoding = 4; lastKnownFileType = file.storyboard; path = LaunchScreen.storyboard; sourceTree = "<group>"; };
		7B395E5F1D856A4500941445 /* Base */ = {isa = PBXFileReference; lastKnownFileType = file.storyboard; name = Base; path = Base.lproj/Main.storyboard; sourceTree = "<group>"; };
		7B3ECD2A1D84DBA500DFEB0D /* Base */ = {isa = PBXFileReference; lastKnownFileType = file.xib; name = Base; path = Base.lproj/VSOSendScoresView.xib; sourceTree = "<group>"; };
		7B3ECD301D84DBA600DFEB0D /* Base */ = {isa = PBXFileReference; lastKnownFileType = file.xib; name = Base; path = Base.lproj/VSOPlayView.xib; sourceTree = "<group>"; };
		7B3ECD351D84DC6D00DFEB0D /* fr */ = {isa = PBXFileReference; lastKnownFileType = text.plist.strings; name = fr; path = fr.lproj/VSOPlayView.strings; sourceTree = "<group>"; };
		7B3ECD371D84DC8700DFEB0D /* en */ = {isa = PBXFileReference; lastKnownFileType = text.plist.strings; name = en; path = en.lproj/VSOPlayView.strings; sourceTree = "<group>"; };
		7B3ECD471D84DD0700DFEB0D /* fr */ = {isa = PBXFileReference; lastKnownFileType = text.plist.strings; name = fr; path = fr.lproj/VSOSendScoresView.strings; sourceTree = "<group>"; };
		7B3ECD491D84DD0F00DFEB0D /* en */ = {isa = PBXFileReference; lastKnownFileType = text.plist.strings; name = en; path = en.lproj/VSOSendScoresView.strings; sourceTree = "<group>"; };
		7B3ECD4D1D84DFAB00DFEB0D /* en */ = {isa = PBXFileReference; lastKnownFileType = text.plist.strings; name = en; path = en.lproj/InfoPlist.strings; sourceTree = "<group>"; };
		7B3ECD4F1D84DFAC00DFEB0D /* fr */ = {isa = PBXFileReference; lastKnownFileType = text.plist.strings; name = fr; path = fr.lproj/InfoPlist.strings; sourceTree = "<group>"; };
		7B8F8FFC1D84DA1200B03DC1 /* en */ = {isa = PBXFileReference; lastKnownFileType = text.plist.strings; name = en; path = en.lproj/Localizable.strings; sourceTree = "<group>"; };
		7BB0EA611D856B110057BFA2 /* Assets.xcassets */ = {isa = PBXFileReference; lastKnownFileType = folder.assetcatalog; path = Assets.xcassets; sourceTree = "<group>"; };
		7BB0EA631D858CAC0057BFA2 /* VSOLevelSizeViewController.h */ = {isa = PBXFileReference; fileEncoding = 4; lastKnownFileType = sourcecode.c.h; path = VSOLevelSizeViewController.h; sourceTree = "<group>"; };
		7BB0EA641D858CAC0057BFA2 /* VSOLevelSizeViewController.m */ = {isa = PBXFileReference; fileEncoding = 4; lastKnownFileType = sourcecode.c.objc; path = VSOLevelSizeViewController.m; sourceTree = "<group>"; };
		7BB0EA661D8590AA0057BFA2 /* VSOLevelDifficultyViewController.h */ = {isa = PBXFileReference; fileEncoding = 4; lastKnownFileType = sourcecode.c.h; path = VSOLevelDifficultyViewController.h; sourceTree = "<group>"; };
		7BB0EA671D8590AA0057BFA2 /* VSOLevelDifficultyViewController.m */ = {isa = PBXFileReference; fileEncoding = 4; lastKnownFileType = sourcecode.c.objc; path = VSOLevelDifficultyViewController.m; sourceTree = "<group>"; };
		7BB0EA691D8593E80057BFA2 /* VSOChallengeShapeViewController.h */ = {isa = PBXFileReference; fileEncoding = 4; lastKnownFileType = sourcecode.c.h; path = VSOChallengeShapeViewController.h; sourceTree = "<group>"; };
		7BB0EA6A1D8593E80057BFA2 /* VSOChallengeShapeViewController.m */ = {isa = PBXFileReference; fileEncoding = 4; lastKnownFileType = sourcecode.c.objc; path = VSOChallengeShapeViewController.m; sourceTree = "<group>"; };
		7BB0EA6C1D8596190057BFA2 /* VSOPlayingModeViewController.h */ = {isa = PBXFileReference; fileEncoding = 4; lastKnownFileType = sourcecode.c.h; path = VSOPlayingModeViewController.h; sourceTree = "<group>"; };
		7BB0EA6D1D8596190057BFA2 /* VSOPlayingModeViewController.m */ = {isa = PBXFileReference; fileEncoding = 4; lastKnownFileType = sourcecode.c.objc; path = VSOPlayingModeViewController.m; sourceTree = "<group>"; };
		8D1107310486CEB800E47090 /* GPS_Body_Paint-Info.plist */ = {isa = PBXFileReference; fileEncoding = 4; lastKnownFileType = text.plist.xml; path = "GPS_Body_Paint-Info.plist"; plistStructureDefinitionIdentifier = "com.apple.xcode.plist.structure-definition.iphone.info-plist"; sourceTree = "<group>"; };
/* End PBXFileReference section */

/* Begin PBXFrameworksBuildPhase section */
		1D60588F0D05DD3D006BFB54 /* Frameworks */ = {
			isa = PBXFrameworksBuildPhase;
			buildActionMask = 2147483647;
			files = (
				1D60589F0D05DD5A006BFB54 /* Foundation.framework in Frameworks */,
				1DF5F4E00D08C38300B7A737 /* UIKit.framework in Frameworks */,
				288765590DF743DE002DB57D /* CoreGraphics.framework in Frameworks */,
				0FD8DB94100DCCC800C076DB /* MapKit.framework in Frameworks */,
				0FD8DC83100DDB0300C076DB /* CoreLocation.framework in Frameworks */,
				0FC06FB5100E33F700B0D157 /* QuartzCore.framework in Frameworks */,
			);
			runOnlyForDeploymentPostprocessing = 0;
		};
/* End PBXFrameworksBuildPhase section */

/* Begin PBXGroup section */
		080E96DDFE201D6D7F000001 /* Application Delegate */ = {
			isa = PBXGroup;
			children = (
				1D3623240D0F684500981E51 /* GPSBodyPaintAppDelegate.h */,
				1D3623250D0F684500981E51 /* GPSBodyPaintAppDelegate.m */,
			);
			name = "Application Delegate";
			path = Classes;
			sourceTree = "<group>";
		};
		19C28FACFE9D520D11CA2CBB /* Products */ = {
			isa = PBXGroup;
			children = (
				1D6058910D05DD3D006BFB54 /* GPS Body Paint.app */,
			);
			name = Products;
			sourceTree = "<group>";
		};
		281C6CD70DB2D82200F60ACC /* Settings View */ = {
			isa = PBXGroup;
			children = (
				0F7E117410185013000D35AF /* VSOShapeView.h */,
				0F7E117510185013000D35AF /* VSOShapeView.m */,
				0FD1BB0C100F2C7900000185 /* VSOSettings.h */,
				0FD1BB0D100F2C7900000185 /* VSOSettings.m */,
				7BB0EA631D858CAC0057BFA2 /* VSOLevelSizeViewController.h */,
				7BB0EA641D858CAC0057BFA2 /* VSOLevelSizeViewController.m */,
				7BB0EA661D8590AA0057BFA2 /* VSOLevelDifficultyViewController.h */,
				7BB0EA671D8590AA0057BFA2 /* VSOLevelDifficultyViewController.m */,
				7BB0EA691D8593E80057BFA2 /* VSOChallengeShapeViewController.h */,
				7BB0EA6A1D8593E80057BFA2 /* VSOChallengeShapeViewController.m */,
				7BB0EA6C1D8596190057BFA2 /* VSOPlayingModeViewController.h */,
				7BB0EA6D1D8596190057BFA2 /* VSOPlayingModeViewController.m */,
				289233AC0DB2D0DB0083E9F9 /* VSOSettingsViewController.h */,
				289233AD0DB2D0DB0083E9F9 /* VSOSettingsViewController.m */,
			);
			name = "Settings View";
			sourceTree = "<group>";
		};
		289233A00DB2D0730083E9F9 /* Play View */ = {
			isa = PBXGroup;
			children = (
				0F9495601014716E00717D5A /* VSOGameShape.h */,
				0F9495611014716E00717D5A /* VSOGameShape.m */,
				289233A40DB2D0840083E9F9 /* VSOPlayView.h */,
				289233A50DB2D0840083E9F9 /* VSOPlayView.m */,
				289233A80DB2D0DB0083E9F9 /* VSOPlayViewController.h */,
				289233A90DB2D0DB0083E9F9 /* VSOPlayViewController.m */,
				0FD8DBD7100DD06E00C076DB /* VSOGridAnnotationView.h */,
				0FD8DBD8100DD06E00C076DB /* VSOGridAnnotationView.m */,
				0FD1BB31100F31FB00000185 /* VSOGameProgress.h */,
				0FD1BB32100F31FB00000185 /* VSOGameProgress.m */,
				0FCF4825101A016C005E5F41 /* VSOSendScoresViewCtrl.h */,
				0FCF4826101A016C005E5F41 /* VSOSendScoresViewCtrl.m */,
				0F7BBE92101EEC5A00F4EF59 /* VSOMapView.h */,
				0F7BBE93101EEC5A00F4EF59 /* VSOMapView.m */,
			);
			name = "Play View";
			sourceTree = "<group>";
		};
		29B97314FDCFA39411CA2CEA /* CustomTemplate */ = {
			isa = PBXGroup;
			children = (
				0FCDE41110160CD7001D5E65 /* Notes.rtf */,
				0F577F8710207B7C00067838 /* Geocade.pdf */,
				0FCF47581019E2D0005E5F41 /* Settings.bundle */,
				289233A00DB2D0730083E9F9 /* Play View */,
				281C6CD70DB2D82200F60ACC /* Settings View */,
				080E96DDFE201D6D7F000001 /* Application Delegate */,
				29B97315FDCFA39411CA2CEA /* Other Sources */,
				29B97317FDCFA39411CA2CEA /* Resources */,
				29B97323FDCFA39411CA2CEA /* Frameworks */,
				19C28FACFE9D520D11CA2CBB /* Products */,
			);
			name = CustomTemplate;
			sourceTree = "<group>";
		};
		29B97315FDCFA39411CA2CEA /* Other Sources */ = {
			isa = PBXGroup;
			children = (
				32CA4F630368D1EE00C91783 /* GPS_Body_Paint_Prefix.pch */,
				29B97316FDCFA39411CA2CEA /* main.m */,
				0FD1BBCE100F374800000185 /* VSOUtils.h */,
				0FD1BBCF100F374800000185 /* VSOUtils.c */,
				0F73F3F71010C4290004C707 /* Constants.h */,
			);
			name = "Other Sources";
			sourceTree = "<group>";
		};
		29B97317FDCFA39411CA2CEA /* Resources */ = {
			isa = PBXGroup;
			children = (
				8D1107310486CEB800E47090 /* GPS_Body_Paint-Info.plist */,
				7B3ECD4E1D84DFAB00DFEB0D /* InfoPlist.strings */,
				0FD076D6101F19C900D9AF11 /* Localizable.strings */,
				7BB0EA611D856B110057BFA2 /* Assets.xcassets */,
				7B395E5C1D856A2800941445 /* LaunchScreen.storyboard */,
				7B395E601D856A4500941445 /* Main.storyboard */,
				0FD0770D101F1F5F00D9AF11 /* VSOSendScoresView.xib */,
				0FD0770B101F1F5F00D9AF11 /* VSOPlayView.xib */,
			);
			name = Resources;
			sourceTree = "<group>";
		};
		29B97323FDCFA39411CA2CEA /* Frameworks */ = {
			isa = PBXGroup;
			children = (
				0FC06FB4100E33F700B0D157 /* QuartzCore.framework */,
				0FD8DC82100DDB0300C076DB /* CoreLocation.framework */,
				0FD8DB93100DCCC800C076DB /* MapKit.framework */,
				1DF5F4DF0D08C38300B7A737 /* UIKit.framework */,
				1D30AB110D05D00D00671497 /* Foundation.framework */,
				288765580DF743DE002DB57D /* CoreGraphics.framework */,
			);
			name = Frameworks;
			sourceTree = "<group>";
		};
/* End PBXGroup section */

/* Begin PBXNativeTarget section */
		1D6058900D05DD3D006BFB54 /* GPS Body Paint */ = {
			isa = PBXNativeTarget;
			buildConfigurationList = 1D6058960D05DD3E006BFB54 /* Build configuration list for PBXNativeTarget "GPS Body Paint" */;
			buildPhases = (
				1D60588D0D05DD3D006BFB54 /* Resources */,
				1D60588E0D05DD3D006BFB54 /* Sources */,
				1D60588F0D05DD3D006BFB54 /* Frameworks */,
			);
			buildRules = (
			);
			dependencies = (
			);
			name = "GPS Body Paint";
			productName = "Jeux iPhone";
			productReference = 1D6058910D05DD3D006BFB54 /* GPS Body Paint.app */;
			productType = "com.apple.product-type.application";
		};
/* End PBXNativeTarget section */

/* Begin PBXProject section */
		29B97313FDCFA39411CA2CEA /* Project object */ = {
			isa = PBXProject;
			attributes = {
				LastUpgradeCheck = 0800;
				ORGANIZATIONNAME = "Frost Land";
				TargetAttributes = {
					1D6058900D05DD3D006BFB54 = {
						DevelopmentTeam = DVL8GW97S8;
						ProvisioningStyle = Automatic;
					};
				};
			};
			buildConfigurationList = C01FCF4E08A954540054247B /* Build configuration list for PBXProject "GPS Body Paint" */;
			compatibilityVersion = "Xcode 8.0";
			developmentRegion = English;
			hasScannedForEncodings = 1;
			knownRegions = (
				Base,
				en,
				fr,
			);
			mainGroup = 29B97314FDCFA39411CA2CEA /* CustomTemplate */;
			projectDirPath = "";
			projectRoot = "";
			targets = (
				1D6058900D05DD3D006BFB54 /* GPS Body Paint */,
			);
		};
/* End PBXProject section */

/* Begin PBXResourcesBuildPhase section */
		1D60588D0D05DD3D006BFB54 /* Resources */ = {
			isa = PBXResourcesBuildPhase;
			buildActionMask = 2147483647;
			files = (
				7B395E5E1D856A4500941445 /* Main.storyboard in Resources */,
				7BB0EA621D856B110057BFA2 /* Assets.xcassets in Resources */,
				0FD0770C101F1F5F00D9AF11 /* VSOPlayView.xib in Resources */,
				0FD076D7101F19C900D9AF11 /* Localizable.strings in Resources */,
				7B3ECD4C1D84DFAB00DFEB0D /* InfoPlist.strings in Resources */,
				0FCF47591019E2D0005E5F41 /* Settings.bundle in Resources */,
				7B395E5D1D856A2800941445 /* LaunchScreen.storyboard in Resources */,
				0FD0770E101F1F5F00D9AF11 /* VSOSendScoresView.xib in Resources */,
			);
			runOnlyForDeploymentPostprocessing = 0;
		};
/* End PBXResourcesBuildPhase section */

/* Begin PBXSourcesBuildPhase section */
		1D60588E0D05DD3D006BFB54 /* Sources */ = {
			isa = PBXSourcesBuildPhase;
			buildActionMask = 2147483647;
			files = (
				1D60589B0D05DD56006BFB54 /* main.m in Sources */,
				1D3623260D0F684500981E51 /* GPSBodyPaintAppDelegate.m in Sources */,
				289233A70DB2D0840083E9F9 /* VSOPlayView.m in Sources */,
				7BB0EA651D858CAC0057BFA2 /* VSOLevelSizeViewController.m in Sources */,
				289233AE0DB2D0DB0083E9F9 /* VSOPlayViewController.m in Sources */,
				7BB0EA6B1D8593E80057BFA2 /* VSOChallengeShapeViewController.m in Sources */,
				289233B00DB2D0DB0083E9F9 /* VSOSettingsViewController.m in Sources */,
				0FD8DBD9100DD06E00C076DB /* VSOGridAnnotationView.m in Sources */,
				0FD1BB0E100F2C7900000185 /* VSOSettings.m in Sources */,
				0FD1BB33100F31FB00000185 /* VSOGameProgress.m in Sources */,
				0FD1BBD0100F374800000185 /* VSOUtils.c in Sources */,
				7BB0EA6E1D8596190057BFA2 /* VSOPlayingModeViewController.m in Sources */,
				0F9495621014716E00717D5A /* VSOGameShape.m in Sources */,
				7BB0EA681D8590AA0057BFA2 /* VSOLevelDifficultyViewController.m in Sources */,
				0F7E117610185013000D35AF /* VSOShapeView.m in Sources */,
				0FCF4828101A016C005E5F41 /* VSOSendScoresViewCtrl.m in Sources */,
				0F7BBE94101EEC5A00F4EF59 /* VSOMapView.m in Sources */,
			);
			runOnlyForDeploymentPostprocessing = 0;
		};
/* End PBXSourcesBuildPhase section */

/* Begin PBXVariantGroup section */
		0FD076D6101F19C900D9AF11 /* Localizable.strings */ = {
			isa = PBXVariantGroup;
			children = (
				0FD076D8101F19EB00D9AF11 /* French */,
				7B8F8FFC1D84DA1200B03DC1 /* en */,
			);
			name = Localizable.strings;
			sourceTree = "<group>";
		};
		0FD0770B101F1F5F00D9AF11 /* VSOPlayView.xib */ = {
			isa = PBXVariantGroup;
			children = (
				7B3ECD301D84DBA600DFEB0D /* Base */,
				7B3ECD351D84DC6D00DFEB0D /* fr */,
				7B3ECD371D84DC8700DFEB0D /* en */,
			);
			name = VSOPlayView.xib;
			sourceTree = "<group>";
		};
		0FD0770D101F1F5F00D9AF11 /* VSOSendScoresView.xib */ = {
			isa = PBXVariantGroup;
			children = (
				7B3ECD2A1D84DBA500DFEB0D /* Base */,
				7B3ECD471D84DD0700DFEB0D /* fr */,
				7B3ECD491D84DD0F00DFEB0D /* en */,
			);
			name = VSOSendScoresView.xib;
			sourceTree = "<group>";
		};
		7B395E601D856A4500941445 /* Main.storyboard */ = {
			isa = PBXVariantGroup;
			children = (
				7B395E5F1D856A4500941445 /* Base */,
			);
			name = Main.storyboard;
			sourceTree = "<group>";
		};
		7B3ECD4E1D84DFAB00DFEB0D /* InfoPlist.strings */ = {
			isa = PBXVariantGroup;
			children = (
				7B3ECD4D1D84DFAB00DFEB0D /* en */,
				7B3ECD4F1D84DFAC00DFEB0D /* fr */,
			);
			name = InfoPlist.strings;
			sourceTree = "<group>";
		};
/* End PBXVariantGroup section */

/* Begin XCBuildConfiguration section */
		0FD076BF101F162000D9AF11 /* Distribution */ = {
			isa = XCBuildConfiguration;
			buildSettings = {
				CLANG_ANALYZER_LOCALIZABILITY_NONLOCALIZED = YES;
				CLANG_ENABLE_OBJC_ARC = YES;
				CLANG_WARN_BOOL_CONVERSION = YES;
				CLANG_WARN_CONSTANT_CONVERSION = YES;
				CLANG_WARN_EMPTY_BODY = YES;
				CLANG_WARN_ENUM_CONVERSION = YES;
				CLANG_WARN_INFINITE_RECURSION = YES;
				CLANG_WARN_INT_CONVERSION = YES;
				CLANG_WARN_SUSPICIOUS_MOVE = YES;
				CLANG_WARN_UNREACHABLE_CODE = YES;
				CLANG_WARN__DUPLICATE_METHOD_MATCH = YES;
				CODE_SIGN_IDENTITY = "";
				"CODE_SIGN_IDENTITY[sdk=iphoneos*]" = "iPhone Distribution: VSO-SOFTWARE";
				ENABLE_STRICT_OBJC_MSGSEND = YES;
				GCC_C_LANGUAGE_STANDARD = c99;
				GCC_NO_COMMON_BLOCKS = YES;
				GCC_PREPROCESSOR_DEFINITIONS = (
					NDEBUG,
					DISTRIBUTION,
				);
				GCC_WARN_64_TO_32_BIT_CONVERSION = YES;
				GCC_WARN_ABOUT_RETURN_TYPE = YES;
				GCC_WARN_UNDECLARED_SELECTOR = YES;
				GCC_WARN_UNINITIALIZED_AUTOS = YES;
				GCC_WARN_UNUSED_FUNCTION = YES;
				GCC_WARN_UNUSED_VARIABLE = YES;
				IPHONEOS_DEPLOYMENT_TARGET = 9.0;
				PREBINDING = NO;
				PROVISIONING_PROFILE = "";
				"PROVISIONING_PROFILE[sdk=iphoneos*]" = "5D15C29A-125C-49BB-ABF5-1BF9A2CD0A67";
				SDKROOT = iphoneos;
			};
			name = Distribution;
		};
		0FD076C0101F162000D9AF11 /* Distribution */ = {
			isa = XCBuildConfiguration;
			buildSettings = {
				ALWAYS_SEARCH_USER_PATHS = NO;
				ASSETCATALOG_COMPILER_APPICON_NAME = AppIcon;
				ASSETCATALOG_COMPILER_LAUNCHIMAGE_NAME = LaunchImage;
				"CODE_SIGN_IDENTITY[sdk=iphoneos*]" = "iPhone Developer";
				COPY_PHASE_STRIP = YES;
				DEVELOPMENT_TEAM = DVL8GW97S8;
				GCC_PRECOMPILE_PREFIX_HEADER = YES;
				GCC_PREFIX_HEADER = GPS_Body_Paint_Prefix.pch;
				INFOPLIST_FILE = "GPS_Body_Paint-Info.plist";
				PRODUCT_BUNDLE_IDENTIFIER = "fr.vso-software.GPSBodyPaint";
				PRODUCT_NAME = "GPS Body Paint";
			};
			name = Distribution;
		};
		1D6058940D05DD3E006BFB54 /* Debug */ = {
			isa = XCBuildConfiguration;
			buildSettings = {
				ALWAYS_SEARCH_USER_PATHS = NO;
				ASSETCATALOG_COMPILER_APPICON_NAME = AppIcon;
				ASSETCATALOG_COMPILER_LAUNCHIMAGE_NAME = LaunchImage;
				"CODE_SIGN_IDENTITY[sdk=iphoneos*]" = "iPhone Developer";
				COPY_PHASE_STRIP = NO;
				DEVELOPMENT_TEAM = DVL8GW97S8;
				GCC_DYNAMIC_NO_PIC = NO;
				GCC_OPTIMIZATION_LEVEL = 0;
				GCC_PRECOMPILE_PREFIX_HEADER = YES;
				GCC_PREFIX_HEADER = GPS_Body_Paint_Prefix.pch;
				INFOPLIST_FILE = "GPS_Body_Paint-Info.plist";
				PRODUCT_BUNDLE_IDENTIFIER = "fr.vso-software.GPSBodyPaint";
				PRODUCT_NAME = "GPS Body Paint";
			};
			name = Debug;
		};
		1D6058950D05DD3E006BFB54 /* Release */ = {
			isa = XCBuildConfiguration;
			buildSettings = {
				ALWAYS_SEARCH_USER_PATHS = NO;
				ASSETCATALOG_COMPILER_APPICON_NAME = AppIcon;
				ASSETCATALOG_COMPILER_LAUNCHIMAGE_NAME = LaunchImage;
				"CODE_SIGN_IDENTITY[sdk=iphoneos*]" = "iPhone Developer";
				COPY_PHASE_STRIP = YES;
				DEVELOPMENT_TEAM = DVL8GW97S8;
				GCC_PRECOMPILE_PREFIX_HEADER = YES;
				GCC_PREFIX_HEADER = GPS_Body_Paint_Prefix.pch;
				INFOPLIST_FILE = "GPS_Body_Paint-Info.plist";
				PRODUCT_BUNDLE_IDENTIFIER = "fr.vso-software.GPSBodyPaint";
				PRODUCT_NAME = "GPS Body Paint";
			};
			name = Release;
		};
		C01FCF4F08A954540054247B /* Debug */ = {
			isa = XCBuildConfiguration;
			buildSettings = {
				CLANG_ANALYZER_LOCALIZABILITY_NONLOCALIZED = YES;
				CLANG_ENABLE_OBJC_ARC = YES;
				CLANG_WARN_BOOL_CONVERSION = YES;
				CLANG_WARN_CONSTANT_CONVERSION = YES;
				CLANG_WARN_EMPTY_BODY = YES;
				CLANG_WARN_ENUM_CONVERSION = YES;
				CLANG_WARN_INFINITE_RECURSION = YES;
				CLANG_WARN_INT_CONVERSION = YES;
				CLANG_WARN_SUSPICIOUS_MOVE = YES;
				CLANG_WARN_UNREACHABLE_CODE = YES;
				CLANG_WARN__DUPLICATE_METHOD_MATCH = YES;
				CODE_SIGN_IDENTITY = "";
				"CODE_SIGN_IDENTITY[sdk=iphoneos*]" = "iPhone Developer";
				ENABLE_STRICT_OBJC_MSGSEND = YES;
				ENABLE_TESTABILITY = YES;
				GCC_C_LANGUAGE_STANDARD = c99;
				GCC_NO_COMMON_BLOCKS = YES;
				GCC_WARN_64_TO_32_BIT_CONVERSION = YES;
				GCC_WARN_ABOUT_RETURN_TYPE = YES;
				GCC_WARN_UNDECLARED_SELECTOR = YES;
				GCC_WARN_UNINITIALIZED_AUTOS = YES;
				GCC_WARN_UNUSED_FUNCTION = YES;
				GCC_WARN_UNUSED_VARIABLE = YES;
				IPHONEOS_DEPLOYMENT_TARGET = 9.0;
				ONLY_ACTIVE_ARCH = YES;
				PREBINDING = NO;
				SDKROOT = iphoneos;
			};
			name = Debug;
		};
		C01FCF5008A954540054247B /* Release */ = {
			isa = XCBuildConfiguration;
			buildSettings = {
				CLANG_ANALYZER_LOCALIZABILITY_NONLOCALIZED = YES;
				CLANG_ENABLE_OBJC_ARC = YES;
				CLANG_WARN_BOOL_CONVERSION = YES;
				CLANG_WARN_CONSTANT_CONVERSION = YES;
				CLANG_WARN_EMPTY_BODY = YES;
				CLANG_WARN_ENUM_CONVERSION = YES;
				CLANG_WARN_INFINITE_RECURSION = YES;
				CLANG_WARN_INT_CONVERSION = YES;
				CLANG_WARN_SUSPICIOUS_MOVE = YES;
				CLANG_WARN_UNREACHABLE_CODE = YES;
				CLANG_WARN__DUPLICATE_METHOD_MATCH = YES;
				CODE_SIGN_IDENTITY = "";
				"CODE_SIGN_IDENTITY[sdk=iphoneos*]" = "iPhone Developer";
				ENABLE_STRICT_OBJC_MSGSEND = YES;
				GCC_C_LANGUAGE_STANDARD = c99;
				GCC_NO_COMMON_BLOCKS = YES;
				GCC_PREPROCESSOR_DEFINITIONS = NDEBUG;
				GCC_WARN_64_TO_32_BIT_CONVERSION = YES;
				GCC_WARN_ABOUT_RETURN_TYPE = YES;
				GCC_WARN_UNDECLARED_SELECTOR = YES;
				GCC_WARN_UNINITIALIZED_AUTOS = YES;
				GCC_WARN_UNUSED_FUNCTION = YES;
				GCC_WARN_UNUSED_VARIABLE = YES;
				IPHONEOS_DEPLOYMENT_TARGET = 9.0;
				PREBINDING = NO;
				PROVISIONING_PROFILE = "";
				SDKROOT = iphoneos;
			};
			name = Release;
		};
/* End XCBuildConfiguration section */

/* Begin XCConfigurationList section */
		1D6058960D05DD3E006BFB54 /* Build configuration list for PBXNativeTarget "GPS Body Paint" */ = {
			isa = XCConfigurationList;
			buildConfigurations = (
				1D6058940D05DD3E006BFB54 /* Debug */,
				1D6058950D05DD3E006BFB54 /* Release */,
				0FD076C0101F162000D9AF11 /* Distribution */,
			);
			defaultConfigurationIsVisible = 0;
			defaultConfigurationName = Release;
		};
		C01FCF4E08A954540054247B /* Build configuration list for PBXProject "GPS Body Paint" */ = {
			isa = XCConfigurationList;
			buildConfigurations = (
				C01FCF4F08A954540054247B /* Debug */,
				C01FCF5008A954540054247B /* Release */,
				0FD076BF101F162000D9AF11 /* Distribution */,
			);
			defaultConfigurationIsVisible = 0;
			defaultConfigurationName = Release;
		};
/* End XCConfigurationList section */
	};
	rootObject = 29B97313FDCFA39411CA2CEA /* Project object */;
}
